Microsoft Visual Studio Solution File, Format Version 12.00
# Visual Studio 15
Project("{8BC9CEB8-8B4A-11D0-8D11-00A0C91BC942}") = "ALL_BUILD", "ALL_BUILD.vcxproj", "{23D83D80-EC41-381B-95B2-5D11962EE8C6}"
	ProjectSection(ProjectDependencies) = postProject
		{707A730C-24D7-310F-B147-D8D9FF57BB8A} = {707A730C-24D7-310F-B147-D8D9FF57BB8A}
		{A59F4CA5-AA9E-3327-A195-75C2E8F3644E} = {A59F4CA5-AA9E-3327-A195-75C2E8F3644E}
		{9FA49296-3F96-36EE-B4E1-60FC64C2CDFC} = {9FA49296-3F96-36EE-B4E1-60FC64C2CDFC}
		{9A6A4987-968E-3599-A1A0-44C95D64E602} = {9A6A4987-968E-3599-A1A0-44C95D64E602}
		{CBB2719E-43C0-333E-8C1C-58BEED0C7028} = {CBB2719E-43C0-333E-8C1C-58BEED0C7028}
		{041B7B40-6AB4-3723-8A65-6CCD370B3AEB} = {041B7B40-6AB4-3723-8A65-6CCD370B3AEB}
		{98408A85-EC21-3CC8-8C49-D981EAA6139A} = {98408A85-EC21-3CC8-8C49-D981EAA6139A}
		{47726839-FDBF-3347-A83C-392278AC272B} = {47726839-FDBF-3347-A83C-392278AC272B}
		{D449618C-6F8A-3F5D-8BCD-278A8283BEA5} = {D449618C-6F8A-3F5D-8BCD-278A8283BEA5}
		{6E06B4BB-AD5D-3848-BFB8-C5F46E3E15B9} = {6E06B4BB-AD5D-3848-BFB8-C5F46E3E15B9}
		{2DE6B3EF-2CA7-30EB-BECA-5DA7E5081C0B} = {2DE6B3EF-2CA7-30EB-BECA-5DA7E5081C0B}
		{D7760880-7AC8-3F65-9BB8-1EE1300DDDCF} = {D7760880-7AC8-3F65-9BB8-1EE1300DDDCF}
		{227698F1-1D1B-3C33-8F60-B566E272573D} = {227698F1-1D1B-3C33-8F60-B566E272573D}
		{44E81839-E1B1-3201-A941-AE74323151EF} = {44E81839-E1B1-3201-A941-AE74323151EF}
		{23ADED6C-7FFE-3BFF-85D8-29FCAFF47C69} = {23ADED6C-7FFE-3BFF-85D8-29FCAFF47C69}
		{9C051CF7-D456-3431-83AC-F748C8C3F778} = {9C051CF7-D456-3431-83AC-F748C8C3F778}
		{E060627F-E7F8-3B55-AF4A-F8267FE4DD96} = {E060627F-E7F8-3B55-AF4A-F8267FE4DD96}
		{21D8EC12-BC44-3415-9401-2039386132B4} = {21D8EC12-BC44-3415-9401-2039386132B4}
		{55148E00-9546-398D-8AD0-7BD05A8DAE46} = {55148E00-9546-398D-8AD0-7BD05A8DAE46}
		{3C42AE8F-52B9-3020-8482-E48EEC7D78CC} = {3C42AE8F-52B9-3020-8482-E48EEC7D78CC}
		{4443114A-8479-3678-A70E-4EDAD0B97AC8} = {4443114A-8479-3678-A70E-4EDAD0B97AC8}
		{9F5DC05F-A9FE-3309-87AB-AABDE90488A4} = {9F5DC05F-A9FE-3309-87AB-AABDE90488A4}
		{0DA14E2B-9D67-3269-BD75-B50F801B20C7} = {0DA14E2B-9D67-3269-BD75-B50F801B20C7}
		{624F4F59-6E6E-3F50-B1DF-69BF277C4045} = {624F4F59-6E6E-3F50-B1DF-69BF277C4045}
		{A9EB39E9-B0B3-32C3-A0DE-0D53781FD6F6} = {A9EB39E9-B0B3-32C3-A0DE-0D53781FD6F6}
		{8E2E93C4-E944-360A-A136-B01F481C1EE7} = {8E2E93C4-E944-360A-A136-B01F481C1EE7}
		{15072248-A311-3601-8AEA-E8111B10ABC8} = {15072248-A311-3601-8AEA-E8111B10ABC8}
		{4AB33777-63A2-3528-98C5-21B4AF0FDC4B} = {4AB33777-63A2-3528-98C5-21B4AF0FDC4B}
		{2F068A88-D58C-3471-85FA-23F6D56A0D8C} = {2F068A88-D58C-3471-85FA-23F6D56A0D8C}
		{FF35214B-7BA6-3851-BBC7-4B254A345F5D} = {FF35214B-7BA6-3851-BBC7-4B254A345F5D}
		{1493A49C-339E-34B4-871F-C1D87EF94CED} = {1493A49C-339E-34B4-871F-C1D87EF94CED}
		{F11DE931-04AB-3CB8-8146-90FB02EC6CFE} = {F11DE931-04AB-3CB8-8146-90FB02EC6CFE}
		{73EEAD7F-9DD8-3AC6-A742-60E8ACB0DB93} = {73EEAD7F-9DD8-3AC6-A742-60E8ACB0DB93}
		{A789322B-9EED-32B1-83B9-0EF2D5B9C407} = {A789322B-9EED-32B1-83B9-0EF2D5B9C407}
		{6DE6F9CD-18B4-36A9-8549-8D3EAE92238D} = {6DE6F9CD-18B4-36A9-8549-8D3EAE92238D}
		{6759BC4A-15C6-3D1B-A58E-D9A8C8760AF1} = {6759BC4A-15C6-3D1B-A58E-D9A8C8760AF1}
		{7901D63D-23C8-3254-824E-990BD9E0B137} = {7901D63D-23C8-3254-824E-990BD9E0B137}
		{0F2DC445-A3A5-34AD-93E5-378D05AFFF9E} = {0F2DC445-A3A5-34AD-93E5-378D05AFFF9E}
		{F3E34CF5-08E9-3582-A77D-A95391685DB5} = {F3E34CF5-08E9-3582-A77D-A95391685DB5}
		{3462E2C8-6B63-330A-9E64-F479E36BA188} = {3462E2C8-6B63-330A-9E64-F479E36BA188}
		{22C790DC-49F9-366A-9E37-5E25D5CE7446} = {22C790DC-49F9-366A-9E37-5E25D5CE7446}
		{490D0294-4CE5-36C5-BD73-B8E7449205E4} = {490D0294-4CE5-36C5-BD73-B8E7449205E4}
		{8841D5B0-9166-3F02-B76D-9FAA843011E0} = {8841D5B0-9166-3F02-B76D-9FAA843011E0}
		{61B6F9F9-5833-3F52-B6C5-8D7684900905} = {61B6F9F9-5833-3F52-B6C5-8D7684900905}
		{814ACCF8-4EF4-3409-A679-05AC4349ED1C} = {814ACCF8-4EF4-3409-A679-05AC4349ED1C}
		{5011171C-4470-3BA4-99BB-9EBDE4D6F7F8} = {5011171C-4470-3BA4-99BB-9EBDE4D6F7F8}
		{3FEAD5C1-61D1-3AF4-BE9B-D4D1B4B3F1DE} = {3FEAD5C1-61D1-3AF4-BE9B-D4D1B4B3F1DE}
		{B0E3404D-40F7-3154-AD69-689825F4641C} = {B0E3404D-40F7-3154-AD69-689825F4641C}
		{723B0801-1F50-335A-9F76-4574F4DF00F7} = {723B0801-1F50-335A-9F76-4574F4DF00F7}
		{7BD42E4A-C3C6-30FE-9D95-563053F59832} = {7BD42E4A-C3C6-30FE-9D95-563053F59832}
		{8767FCB1-F954-3554-B5AD-820654AE65A1} = {8767FCB1-F954-3554-B5AD-820654AE65A1}
		{7C58B346-DE9C-3404-977A-AB8182F81AB6} = {7C58B346-DE9C-3404-977A-AB8182F81AB6}
	EndProjectSection
EndProject
Project("{8BC9CEB8-8B4A-11D0-8D11-00A0C91BC942}") = "3d-viewer", "3d-viewer\3d-viewer.vcxproj", "{707A730C-24D7-310F-B147-D8D9FF57BB8A}"
	ProjectSection(ProjectDependencies) = postProject
		{A59F4CA5-AA9E-3327-A195-75C2E8F3644E} = {A59F4CA5-AA9E-3327-A195-75C2E8F3644E}
		{227698F1-1D1B-3C33-8F60-B566E272573D} = {227698F1-1D1B-3C33-8F60-B566E272573D}
		{624F4F59-6E6E-3F50-B1DF-69BF277C4045} = {624F4F59-6E6E-3F50-B1DF-69BF277C4045}
		{6DE6F9CD-18B4-36A9-8549-8D3EAE92238D} = {6DE6F9CD-18B4-36A9-8549-8D3EAE92238D}
	EndProjectSection
EndProject
Project("{8BC9CEB8-8B4A-11D0-8D11-00A0C91BC942}") = "INSTALL", "INSTALL.vcxproj", "{B94FF9F0-1848-3A8B-B59A-5784B95CF14C}"
	ProjectSection(ProjectDependencies) = postProject
		{23D83D80-EC41-381B-95B2-5D11962EE8C6} = {23D83D80-EC41-381B-95B2-5D11962EE8C6}
		{A59F4CA5-AA9E-3327-A195-75C2E8F3644E} = {A59F4CA5-AA9E-3327-A195-75C2E8F3644E}
	EndProjectSection
EndProject
Project("{8BC9CEB8-8B4A-11D0-8D11-00A0C91BC942}") = "ZERO_CHECK", "ZERO_CHECK.vcxproj", "{A59F4CA5-AA9E-3327-A195-75C2E8F3644E}"
	ProjectSection(ProjectDependencies) = postProject
	EndProjectSection
EndProject
Project("{8BC9CEB8-8B4A-11D0-8D11-00A0C91BC942}") = "bitmap2component", "bitmap2component\bitmap2component.vcxproj", "{9FA49296-3F96-36EE-B4E1-60FC64C2CDFC}"
	ProjectSection(ProjectDependencies) = postProject
		{A59F4CA5-AA9E-3327-A195-75C2E8F3644E} = {A59F4CA5-AA9E-3327-A195-75C2E8F3644E}
		{9A6A4987-968E-3599-A1A0-44C95D64E602} = {9A6A4987-968E-3599-A1A0-44C95D64E602}
		{041B7B40-6AB4-3723-8A65-6CCD370B3AEB} = {041B7B40-6AB4-3723-8A65-6CCD370B3AEB}
		{227698F1-1D1B-3C33-8F60-B566E272573D} = {227698F1-1D1B-3C33-8F60-B566E272573D}
		{490D0294-4CE5-36C5-BD73-B8E7449205E4} = {490D0294-4CE5-36C5-BD73-B8E7449205E4}
		{8841D5B0-9166-3F02-B76D-9FAA843011E0} = {8841D5B0-9166-3F02-B76D-9FAA843011E0}
	EndProjectSection
EndProject
Project("{8BC9CEB8-8B4A-11D0-8D11-00A0C91BC942}") = "bitmaps", "bitmaps_png\bitmaps.vcxproj", "{9A6A4987-968E-3599-A1A0-44C95D64E602}"
	ProjectSection(ProjectDependencies) = postProject
		{A59F4CA5-AA9E-3327-A195-75C2E8F3644E} = {A59F4CA5-AA9E-3327-A195-75C2E8F3644E}
	EndProjectSection
EndProject
Project("{8BC9CEB8-8B4A-11D0-8D11-00A0C91BC942}") = "cmp_library_lexer_source_files", "eeschema\cmp_library_lexer_source_files.vcxproj", "{CBB2719E-43C0-333E-8C1C-58BEED0C7028}"
	ProjectSection(ProjectDependencies) = postProject
		{A59F4CA5-AA9E-3327-A195-75C2E8F3644E} = {A59F4CA5-AA9E-3327-A195-75C2E8F3644E}
	EndProjectSection
EndProject
Project("{8BC9CEB8-8B4A-11D0-8D11-00A0C91BC942}") = "common", "common\common.vcxproj", "{041B7B40-6AB4-3723-8A65-6CCD370B3AEB}"
	ProjectSection(ProjectDependencies) = postProject
		{A59F4CA5-AA9E-3327-A195-75C2E8F3644E} = {A59F4CA5-AA9E-3327-A195-75C2E8F3644E}
		{227698F1-1D1B-3C33-8F60-B566E272573D} = {227698F1-1D1B-3C33-8F60-B566E272573D}
		{8E2E93C4-E944-360A-A136-B01F481C1EE7} = {8E2E93C4-E944-360A-A136-B01F481C1EE7}
		{15072248-A311-3601-8AEA-E8111B10ABC8} = {15072248-A311-3601-8AEA-E8111B10ABC8}
		{4AB33777-63A2-3528-98C5-21B4AF0FDC4B} = {4AB33777-63A2-3528-98C5-21B4AF0FDC4B}
		{7C58B346-DE9C-3404-977A-AB8182F81AB6} = {7C58B346-DE9C-3404-977A-AB8182F81AB6}
	EndProjectSection
EndProject
Project("{8BC9CEB8-8B4A-11D0-8D11-00A0C91BC942}") = "container_test", "tools\container_test.vcxproj", "{C3E643E0-F0FF-3761-8034-E3352EAB325C}"
	ProjectSection(ProjectDependencies) = postProject
		{A59F4CA5-AA9E-3327-A195-75C2E8F3644E} = {A59F4CA5-AA9E-3327-A195-75C2E8F3644E}
		{9A6A4987-968E-3599-A1A0-44C95D64E602} = {9A6A4987-968E-3599-A1A0-44C95D64E602}
		{041B7B40-6AB4-3723-8A65-6CCD370B3AEB} = {041B7B40-6AB4-3723-8A65-6CCD370B3AEB}
		{227698F1-1D1B-3C33-8F60-B566E272573D} = {227698F1-1D1B-3C33-8F60-B566E272573D}
		{490D0294-4CE5-36C5-BD73-B8E7449205E4} = {490D0294-4CE5-36C5-BD73-B8E7449205E4}
	EndProjectSection
EndProject
Project("{8BC9CEB8-8B4A-11D0-8D11-00A0C91BC942}") = "cvpcb_kiface", "cvpcb\cvpcb_kiface.vcxproj", "{98408A85-EC21-3CC8-8C49-D981EAA6139A}"
	ProjectSection(ProjectDependencies) = postProject
		{707A730C-24D7-310F-B147-D8D9FF57BB8A} = {707A730C-24D7-310F-B147-D8D9FF57BB8A}
		{A59F4CA5-AA9E-3327-A195-75C2E8F3644E} = {A59F4CA5-AA9E-3327-A195-75C2E8F3644E}
		{9A6A4987-968E-3599-A1A0-44C95D64E602} = {9A6A4987-968E-3599-A1A0-44C95D64E602}
		{041B7B40-6AB4-3723-8A65-6CCD370B3AEB} = {041B7B40-6AB4-3723-8A65-6CCD370B3AEB}
		{227698F1-1D1B-3C33-8F60-B566E272573D} = {227698F1-1D1B-3C33-8F60-B566E272573D}
		{9C051CF7-D456-3431-83AC-F748C8C3F778} = {9C051CF7-D456-3431-83AC-F748C8C3F778}
		{624F4F59-6E6E-3F50-B1DF-69BF277C4045} = {624F4F59-6E6E-3F50-B1DF-69BF277C4045}
		{2F068A88-D58C-3471-85FA-23F6D56A0D8C} = {2F068A88-D58C-3471-85FA-23F6D56A0D8C}
		{6DE6F9CD-18B4-36A9-8549-8D3EAE92238D} = {6DE6F9CD-18B4-36A9-8549-8D3EAE92238D}
		{490D0294-4CE5-36C5-BD73-B8E7449205E4} = {490D0294-4CE5-36C5-BD73-B8E7449205E4}
	EndProjectSection
EndProject
Project("{8BC9CEB8-8B4A-11D0-8D11-00A0C91BC942}") = "dev-docs", "dev-docs.vcxproj", "{3AD8F72D-9CD1-3091-9A39-2FD6707CEBC7}"
	ProjectSection(ProjectDependencies) = postProject
		{A59F4CA5-AA9E-3327-A195-75C2E8F3644E} = {A59F4CA5-AA9E-3327-A195-75C2E8F3644E}
	EndProjectSection
EndProject
Project("{8BC9CEB8-8B4A-11D0-8D11-00A0C91BC942}") = "dialog_bom_cfg_lexer_source_files", "eeschema\dialog_bom_cfg_lexer_source_files.vcxproj", "{47726839-FDBF-3347-A83C-392278AC272B}"
	ProjectSection(ProjectDependencies) = postProject
		{A59F4CA5-AA9E-3327-A195-75C2E8F3644E} = {A59F4CA5-AA9E-3327-A195-75C2E8F3644E}
	EndProjectSection
EndProject
Project("{8BC9CEB8-8B4A-11D0-8D11-00A0C91BC942}") = "doxygen-docs", "doxygen-docs.vcxproj", "{E57921D1-5D88-331F-AE65-FAA820094796}"
	ProjectSection(ProjectDependencies) = postProject
		{A59F4CA5-AA9E-3327-A195-75C2E8F3644E} = {A59F4CA5-AA9E-3327-A195-75C2E8F3644E}
	EndProjectSection
EndProject
Project("{8BC9CEB8-8B4A-11D0-8D11-00A0C91BC942}") = "dsntest", "common\dsntest.vcxproj", "{DAF53343-F88F-354A-9D6C-F8DFDA903C80}"
	ProjectSection(ProjectDependencies) = postProject
		{A59F4CA5-AA9E-3327-A195-75C2E8F3644E} = {A59F4CA5-AA9E-3327-A195-75C2E8F3644E}
		{041B7B40-6AB4-3723-8A65-6CCD370B3AEB} = {041B7B40-6AB4-3723-8A65-6CCD370B3AEB}
		{227698F1-1D1B-3C33-8F60-B566E272573D} = {227698F1-1D1B-3C33-8F60-B566E272573D}
	EndProjectSection
EndProject
Project("{8BC9CEB8-8B4A-11D0-8D11-00A0C91BC942}") = "dxf2idf", "utils\idftools\dxf2idf.vcxproj", "{D449618C-6F8A-3F5D-8BCD-278A8283BEA5}"
	ProjectSection(ProjectDependencies) = postProject
		{A59F4CA5-AA9E-3327-A195-75C2E8F3644E} = {A59F4CA5-AA9E-3327-A195-75C2E8F3644E}
		{21D8EC12-BC44-3415-9401-2039386132B4} = {21D8EC12-BC44-3415-9401-2039386132B4}
		{A9EB39E9-B0B3-32C3-A0DE-0D53781FD6F6} = {A9EB39E9-B0B3-32C3-A0DE-0D53781FD6F6}
	EndProjectSection
EndProject
Project("{8BC9CEB8-8B4A-11D0-8D11-00A0C91BC942}") = "eeschema", "eeschema\eeschema.vcxproj", "{6E06B4BB-AD5D-3848-BFB8-C5F46E3E15B9}"
	ProjectSection(ProjectDependencies) = postProject
		{A59F4CA5-AA9E-3327-A195-75C2E8F3644E} = {A59F4CA5-AA9E-3327-A195-75C2E8F3644E}
		{9A6A4987-968E-3599-A1A0-44C95D64E602} = {9A6A4987-968E-3599-A1A0-44C95D64E602}
		{041B7B40-6AB4-3723-8A65-6CCD370B3AEB} = {041B7B40-6AB4-3723-8A65-6CCD370B3AEB}
		{2DE6B3EF-2CA7-30EB-BECA-5DA7E5081C0B} = {2DE6B3EF-2CA7-30EB-BECA-5DA7E5081C0B}
		{227698F1-1D1B-3C33-8F60-B566E272573D} = {227698F1-1D1B-3C33-8F60-B566E272573D}
	EndProjectSection
EndProject
Project("{8BC9CEB8-8B4A-11D0-8D11-00A0C91BC942}") = "eeschema_kiface", "eeschema\eeschema_kiface.vcxproj", "{2DE6B3EF-2CA7-30EB-BECA-5DA7E5081C0B}"
	ProjectSection(ProjectDependencies) = postProject
		{A59F4CA5-AA9E-3327-A195-75C2E8F3644E} = {A59F4CA5-AA9E-3327-A195-75C2E8F3644E}
		{9A6A4987-968E-3599-A1A0-44C95D64E602} = {9A6A4987-968E-3599-A1A0-44C95D64E602}
		{CBB2719E-43C0-333E-8C1C-58BEED0C7028} = {CBB2719E-43C0-333E-8C1C-58BEED0C7028}
		{041B7B40-6AB4-3723-8A65-6CCD370B3AEB} = {041B7B40-6AB4-3723-8A65-6CCD370B3AEB}
		{47726839-FDBF-3347-A83C-392278AC272B} = {47726839-FDBF-3347-A83C-392278AC272B}
		{D7760880-7AC8-3F65-9BB8-1EE1300DDDCF} = {D7760880-7AC8-3F65-9BB8-1EE1300DDDCF}
		{227698F1-1D1B-3C33-8F60-B566E272573D} = {227698F1-1D1B-3C33-8F60-B566E272573D}
		{490D0294-4CE5-36C5-BD73-B8E7449205E4} = {490D0294-4CE5-36C5-BD73-B8E7449205E4}
	EndProjectSection
EndProject
Project("{8BC9CEB8-8B4A-11D0-8D11-00A0C91BC942}") = "field_template_lexer_source_files", "eeschema\field_template_lexer_source_files.vcxproj", "{D7760880-7AC8-3F65-9BB8-1EE1300DDDCF}"
	ProjectSection(ProjectDependencies) = postProject
		{A59F4CA5-AA9E-3327-A195-75C2E8F3644E} = {A59F4CA5-AA9E-3327-A195-75C2E8F3644E}
	EndProjectSection
EndProject
Project("{8BC9CEB8-8B4A-11D0-8D11-00A0C91BC942}") = "gal", "common\gal.vcxproj", "{227698F1-1D1B-3C33-8F60-B566E272573D}"
	ProjectSection(ProjectDependencies) = postProject
		{A59F4CA5-AA9E-3327-A195-75C2E8F3644E} = {A59F4CA5-AA9E-3327-A195-75C2E8F3644E}
	EndProjectSection
EndProject
Project("{8BC9CEB8-8B4A-11D0-8D11-00A0C91BC942}") = "gerbview", "gerbview\gerbview.vcxproj", "{44E81839-E1B1-3201-A941-AE74323151EF}"
	ProjectSection(ProjectDependencies) = postProject
		{A59F4CA5-AA9E-3327-A195-75C2E8F3644E} = {A59F4CA5-AA9E-3327-A195-75C2E8F3644E}
		{9A6A4987-968E-3599-A1A0-44C95D64E602} = {9A6A4987-968E-3599-A1A0-44C95D64E602}
		{041B7B40-6AB4-3723-8A65-6CCD370B3AEB} = {041B7B40-6AB4-3723-8A65-6CCD370B3AEB}
		{227698F1-1D1B-3C33-8F60-B566E272573D} = {227698F1-1D1B-3C33-8F60-B566E272573D}
		{23ADED6C-7FFE-3BFF-85D8-29FCAFF47C69} = {23ADED6C-7FFE-3BFF-85D8-29FCAFF47C69}
	EndProjectSection
EndProject
Project("{8BC9CEB8-8B4A-11D0-8D11-00A0C91BC942}") = "gerbview_kiface", "gerbview\gerbview_kiface.vcxproj", "{23ADED6C-7FFE-3BFF-85D8-29FCAFF47C69}"
	ProjectSection(ProjectDependencies) = postProject
		{A59F4CA5-AA9E-3327-A195-75C2E8F3644E} = {A59F4CA5-AA9E-3327-A195-75C2E8F3644E}
		{9A6A4987-968E-3599-A1A0-44C95D64E602} = {9A6A4987-968E-3599-A1A0-44C95D64E602}
		{041B7B40-6AB4-3723-8A65-6CCD370B3AEB} = {041B7B40-6AB4-3723-8A65-6CCD370B3AEB}
		{227698F1-1D1B-3C33-8F60-B566E272573D} = {227698F1-1D1B-3C33-8F60-B566E272573D}
		{490D0294-4CE5-36C5-BD73-B8E7449205E4} = {490D0294-4CE5-36C5-BD73-B8E7449205E4}
	EndProjectSection
EndProject
Project("{8BC9CEB8-8B4A-11D0-8D11-00A0C91BC942}") = "github_plugin", "pcbnew\github\github_plugin.vcxproj", "{9C051CF7-D456-3431-83AC-F748C8C3F778}"
	ProjectSection(ProjectDependencies) = postProject
		{A59F4CA5-AA9E-3327-A195-75C2E8F3644E} = {A59F4CA5-AA9E-3327-A195-75C2E8F3644E}
		{041B7B40-6AB4-3723-8A65-6CCD370B3AEB} = {041B7B40-6AB4-3723-8A65-6CCD370B3AEB}
		{227698F1-1D1B-3C33-8F60-B566E272573D} = {227698F1-1D1B-3C33-8F60-B566E272573D}
		{6DE6F9CD-18B4-36A9-8549-8D3EAE92238D} = {6DE6F9CD-18B4-36A9-8549-8D3EAE92238D}
	EndProjectSection
EndProject
Project("{8BC9CEB8-8B4A-11D0-8D11-00A0C91BC942}") = "idf2vrml", "utils\idftools\idf2vrml.vcxproj", "{E060627F-E7F8-3B55-AF4A-F8267FE4DD96}"
	ProjectSection(ProjectDependencies) = postProject
		{A59F4CA5-AA9E-3327-A195-75C2E8F3644E} = {A59F4CA5-AA9E-3327-A195-75C2E8F3644E}
		{041B7B40-6AB4-3723-8A65-6CCD370B3AEB} = {041B7B40-6AB4-3723-8A65-6CCD370B3AEB}
		{227698F1-1D1B-3C33-8F60-B566E272573D} = {227698F1-1D1B-3C33-8F60-B566E272573D}
		{21D8EC12-BC44-3415-9401-2039386132B4} = {21D8EC12-BC44-3415-9401-2039386132B4}
	EndProjectSection
EndProject
Project("{8BC9CEB8-8B4A-11D0-8D11-00A0C91BC942}") = "idf3", "utils\idftools\idf3.vcxproj", "{21D8EC12-BC44-3415-9401-2039386132B4}"
	ProjectSection(ProjectDependencies) = postProject
		{A59F4CA5-AA9E-3327-A195-75C2E8F3644E} = {A59F4CA5-AA9E-3327-A195-75C2E8F3644E}
	EndProjectSection
EndProject
Project("{8BC9CEB8-8B4A-11D0-8D11-00A0C91BC942}") = "idfcyl", "utils\idftools\idfcyl.vcxproj", "{55148E00-9546-398D-8AD0-7BD05A8DAE46}"
	ProjectSection(ProjectDependencies) = postProject
		{A59F4CA5-AA9E-3327-A195-75C2E8F3644E} = {A59F4CA5-AA9E-3327-A195-75C2E8F3644E}
	EndProjectSection
EndProject
Project("{8BC9CEB8-8B4A-11D0-8D11-00A0C91BC942}") = "idfrect", "utils\idftools\idfrect.vcxproj", "{3C42AE8F-52B9-3020-8482-E48EEC7D78CC}"
	ProjectSection(ProjectDependencies) = postProject
		{A59F4CA5-AA9E-3327-A195-75C2E8F3644E} = {A59F4CA5-AA9E-3327-A195-75C2E8F3644E}
	EndProjectSection
EndProject
Project("{8BC9CEB8-8B4A-11D0-8D11-00A0C91BC942}") = "io_benchmark", "tools\io_benchmark\io_benchmark.vcxproj", "{4443114A-8479-3678-A70E-4EDAD0B97AC8}"
	ProjectSection(ProjectDependencies) = postProject
		{A59F4CA5-AA9E-3327-A195-75C2E8F3644E} = {A59F4CA5-AA9E-3327-A195-75C2E8F3644E}
		{041B7B40-6AB4-3723-8A65-6CCD370B3AEB} = {041B7B40-6AB4-3723-8A65-6CCD370B3AEB}
		{227698F1-1D1B-3C33-8F60-B566E272573D} = {227698F1-1D1B-3C33-8F60-B566E272573D}
	EndProjectSection
EndProject
Project("{8BC9CEB8-8B4A-11D0-8D11-00A0C91BC942}") = "kicad", "kicad\kicad.vcxproj", "{9F5DC05F-A9FE-3309-87AB-AABDE90488A4}"
	ProjectSection(ProjectDependencies) = postProject
		{A59F4CA5-AA9E-3327-A195-75C2E8F3644E} = {A59F4CA5-AA9E-3327-A195-75C2E8F3644E}
		{9A6A4987-968E-3599-A1A0-44C95D64E602} = {9A6A4987-968E-3599-A1A0-44C95D64E602}
		{041B7B40-6AB4-3723-8A65-6CCD370B3AEB} = {041B7B40-6AB4-3723-8A65-6CCD370B3AEB}
		{227698F1-1D1B-3C33-8F60-B566E272573D} = {227698F1-1D1B-3C33-8F60-B566E272573D}
		{490D0294-4CE5-36C5-BD73-B8E7449205E4} = {490D0294-4CE5-36C5-BD73-B8E7449205E4}
	EndProjectSection
EndProject
Project("{8BC9CEB8-8B4A-11D0-8D11-00A0C91BC942}") = "kicad-ogltest", "utils\kicad-ogltest\kicad-ogltest.vcxproj", "{0DA14E2B-9D67-3269-BD75-B50F801B20C7}"
	ProjectSection(ProjectDependencies) = postProject
		{A59F4CA5-AA9E-3327-A195-75C2E8F3644E} = {A59F4CA5-AA9E-3327-A195-75C2E8F3644E}
		{9A6A4987-968E-3599-A1A0-44C95D64E602} = {9A6A4987-968E-3599-A1A0-44C95D64E602}
		{041B7B40-6AB4-3723-8A65-6CCD370B3AEB} = {041B7B40-6AB4-3723-8A65-6CCD370B3AEB}
		{227698F1-1D1B-3C33-8F60-B566E272573D} = {227698F1-1D1B-3C33-8F60-B566E272573D}
		{490D0294-4CE5-36C5-BD73-B8E7449205E4} = {490D0294-4CE5-36C5-BD73-B8E7449205E4}
	EndProjectSection
EndProject
Project("{8BC9CEB8-8B4A-11D0-8D11-00A0C91BC942}") = "kicad_3dsg", "3d-viewer\3d_cache\sg\kicad_3dsg.vcxproj", "{624F4F59-6E6E-3F50-B1DF-69BF277C4045}"
	ProjectSection(ProjectDependencies) = postProject
		{A59F4CA5-AA9E-3327-A195-75C2E8F3644E} = {A59F4CA5-AA9E-3327-A195-75C2E8F3644E}
	EndProjectSection
EndProject
Project("{8BC9CEB8-8B4A-11D0-8D11-00A0C91BC942}") = "lib_dxf", "lib_dxf\lib_dxf.vcxproj", "{A9EB39E9-B0B3-32C3-A0DE-0D53781FD6F6}"
	ProjectSection(ProjectDependencies) = postProject
		{A59F4CA5-AA9E-3327-A195-75C2E8F3644E} = {A59F4CA5-AA9E-3327-A195-75C2E8F3644E}
	EndProjectSection
EndProject
Project("{8BC9CEB8-8B4A-11D0-8D11-00A0C91BC942}") = "lib_table_lexer_source_files", "common\lib_table_lexer_source_files.vcxproj", "{8E2E93C4-E944-360A-A136-B01F481C1EE7}"
	ProjectSection(ProjectDependencies) = postProject
		{A59F4CA5-AA9E-3327-A195-75C2E8F3644E} = {A59F4CA5-AA9E-3327-A195-75C2E8F3644E}
	EndProjectSection
EndProject
Project("{8BC9CEB8-8B4A-11D0-8D11-00A0C91BC942}") = "netlist_lexer_source_files", "common\netlist_lexer_source_files.vcxproj", "{15072248-A311-3601-8AEA-E8111B10ABC8}"
	ProjectSection(ProjectDependencies) = postProject
		{A59F4CA5-AA9E-3327-A195-75C2E8F3644E} = {A59F4CA5-AA9E-3327-A195-75C2E8F3644E}
	EndProjectSection
EndProject
Project("{8BC9CEB8-8B4A-11D0-8D11-00A0C91BC942}") = "page_layout_lexer_source_files", "common\page_layout_lexer_source_files.vcxproj", "{4AB33777-63A2-3528-98C5-21B4AF0FDC4B}"
	ProjectSection(ProjectDependencies) = postProject
		{A59F4CA5-AA9E-3327-A195-75C2E8F3644E} = {A59F4CA5-AA9E-3327-A195-75C2E8F3644E}
	EndProjectSection
EndProject
Project("{8BC9CEB8-8B4A-11D0-8D11-00A0C91BC942}") = "pcad2kicadpcb", "pcbnew\pcad2kicadpcb_plugin\pcad2kicadpcb.vcxproj", "{2F068A88-D58C-3471-85FA-23F6D56A0D8C}"
	ProjectSection(ProjectDependencies) = postProject
		{A59F4CA5-AA9E-3327-A195-75C2E8F3644E} = {A59F4CA5-AA9E-3327-A195-75C2E8F3644E}
		{6DE6F9CD-18B4-36A9-8549-8D3EAE92238D} = {6DE6F9CD-18B4-36A9-8549-8D3EAE92238D}
	EndProjectSection
EndProject
Project("{8BC9CEB8-8B4A-11D0-8D11-00A0C91BC942}") = "pcb_calculator", "pcb_calculator\pcb_calculator.vcxproj", "{FF35214B-7BA6-3851-BBC7-4B254A345F5D}"
	ProjectSection(ProjectDependencies) = postProject
		{A59F4CA5-AA9E-3327-A195-75C2E8F3644E} = {A59F4CA5-AA9E-3327-A195-75C2E8F3644E}
		{9A6A4987-968E-3599-A1A0-44C95D64E602} = {9A6A4987-968E-3599-A1A0-44C95D64E602}
		{041B7B40-6AB4-3723-8A65-6CCD370B3AEB} = {041B7B40-6AB4-3723-8A65-6CCD370B3AEB}
		{227698F1-1D1B-3C33-8F60-B566E272573D} = {227698F1-1D1B-3C33-8F60-B566E272573D}
		{1493A49C-339E-34B4-871F-C1D87EF94CED} = {1493A49C-339E-34B4-871F-C1D87EF94CED}
	EndProjectSection
EndProject
Project("{8BC9CEB8-8B4A-11D0-8D11-00A0C91BC942}") = "pcb_calculator_kiface", "pcb_calculator\pcb_calculator_kiface.vcxproj", "{1493A49C-339E-34B4-871F-C1D87EF94CED}"
	ProjectSection(ProjectDependencies) = postProject
		{A59F4CA5-AA9E-3327-A195-75C2E8F3644E} = {A59F4CA5-AA9E-3327-A195-75C2E8F3644E}
		{9A6A4987-968E-3599-A1A0-44C95D64E602} = {9A6A4987-968E-3599-A1A0-44C95D64E602}
		{041B7B40-6AB4-3723-8A65-6CCD370B3AEB} = {041B7B40-6AB4-3723-8A65-6CCD370B3AEB}
		{227698F1-1D1B-3C33-8F60-B566E272573D} = {227698F1-1D1B-3C33-8F60-B566E272573D}
		{F11DE931-04AB-3CB8-8146-90FB02EC6CFE} = {F11DE931-04AB-3CB8-8146-90FB02EC6CFE}
		{490D0294-4CE5-36C5-BD73-B8E7449205E4} = {490D0294-4CE5-36C5-BD73-B8E7449205E4}
	EndProjectSection
EndProject
Project("{8BC9CEB8-8B4A-11D0-8D11-00A0C91BC942}") = "pcb_calculator_lexer_source_files", "pcb_calculator\pcb_calculator_lexer_source_files.vcxproj", "{F11DE931-04AB-3CB8-8146-90FB02EC6CFE}"
	ProjectSection(ProjectDependencies) = postProject
		{A59F4CA5-AA9E-3327-A195-75C2E8F3644E} = {A59F4CA5-AA9E-3327-A195-75C2E8F3644E}
	EndProjectSection
EndProject
Project("{8BC9CEB8-8B4A-11D0-8D11-00A0C91BC942}") = "pcb_lexer_source_files", "common\pcb_lexer_source_files.vcxproj", "{73EEAD7F-9DD8-3AC6-A742-60E8ACB0DB93}"
	ProjectSection(ProjectDependencies) = postProject
		{A59F4CA5-AA9E-3327-A195-75C2E8F3644E} = {A59F4CA5-AA9E-3327-A195-75C2E8F3644E}
	EndProjectSection
EndProject
Project("{8BC9CEB8-8B4A-11D0-8D11-00A0C91BC942}") = "pcb_plot_lexer_source_files", "common\pcb_plot_lexer_source_files.vcxproj", "{A789322B-9EED-32B1-83B9-0EF2D5B9C407}"
	ProjectSection(ProjectDependencies) = postProject
		{A59F4CA5-AA9E-3327-A195-75C2E8F3644E} = {A59F4CA5-AA9E-3327-A195-75C2E8F3644E}
	EndProjectSection
EndProject
Project("{8BC9CEB8-8B4A-11D0-8D11-00A0C91BC942}") = "pcbcommon", "common\pcbcommon.vcxproj", "{6DE6F9CD-18B4-36A9-8549-8D3EAE92238D}"
	ProjectSection(ProjectDependencies) = postProject
		{A59F4CA5-AA9E-3327-A195-75C2E8F3644E} = {A59F4CA5-AA9E-3327-A195-75C2E8F3644E}
		{8E2E93C4-E944-360A-A136-B01F481C1EE7} = {8E2E93C4-E944-360A-A136-B01F481C1EE7}
		{15072248-A311-3601-8AEA-E8111B10ABC8} = {15072248-A311-3601-8AEA-E8111B10ABC8}
		{73EEAD7F-9DD8-3AC6-A742-60E8ACB0DB93} = {73EEAD7F-9DD8-3AC6-A742-60E8ACB0DB93}
		{A789322B-9EED-32B1-83B9-0EF2D5B9C407} = {A789322B-9EED-32B1-83B9-0EF2D5B9C407}
	EndProjectSection
EndProject
Project("{8BC9CEB8-8B4A-11D0-8D11-00A0C91BC942}") = "pcbnew", "pcbnew\pcbnew.vcxproj", "{6759BC4A-15C6-3D1B-A58E-D9A8C8760AF1}"
	ProjectSection(ProjectDependencies) = postProject
		{A59F4CA5-AA9E-3327-A195-75C2E8F3644E} = {A59F4CA5-AA9E-3327-A195-75C2E8F3644E}
		{9A6A4987-968E-3599-A1A0-44C95D64E602} = {9A6A4987-968E-3599-A1A0-44C95D64E602}
		{041B7B40-6AB4-3723-8A65-6CCD370B3AEB} = {041B7B40-6AB4-3723-8A65-6CCD370B3AEB}
		{227698F1-1D1B-3C33-8F60-B566E272573D} = {227698F1-1D1B-3C33-8F60-B566E272573D}
		{7901D63D-23C8-3254-824E-990BD9E0B137} = {7901D63D-23C8-3254-824E-990BD9E0B137}
	EndProjectSection
EndProject
Project("{8BC9CEB8-8B4A-11D0-8D11-00A0C91BC942}") = "pcbnew_kiface", "pcbnew\pcbnew_kiface.vcxproj", "{7901D63D-23C8-3254-824E-990BD9E0B137}"
	ProjectSection(ProjectDependencies) = postProject
		{707A730C-24D7-310F-B147-D8D9FF57BB8A} = {707A730C-24D7-310F-B147-D8D9FF57BB8A}
		{A59F4CA5-AA9E-3327-A195-75C2E8F3644E} = {A59F4CA5-AA9E-3327-A195-75C2E8F3644E}
		{9A6A4987-968E-3599-A1A0-44C95D64E602} = {9A6A4987-968E-3599-A1A0-44C95D64E602}
		{041B7B40-6AB4-3723-8A65-6CCD370B3AEB} = {041B7B40-6AB4-3723-8A65-6CCD370B3AEB}
		{227698F1-1D1B-3C33-8F60-B566E272573D} = {227698F1-1D1B-3C33-8F60-B566E272573D}
		{9C051CF7-D456-3431-83AC-F748C8C3F778} = {9C051CF7-D456-3431-83AC-F748C8C3F778}
		{21D8EC12-BC44-3415-9401-2039386132B4} = {21D8EC12-BC44-3415-9401-2039386132B4}
		{624F4F59-6E6E-3F50-B1DF-69BF277C4045} = {624F4F59-6E6E-3F50-B1DF-69BF277C4045}
		{A9EB39E9-B0B3-32C3-A0DE-0D53781FD6F6} = {A9EB39E9-B0B3-32C3-A0DE-0D53781FD6F6}
		{2F068A88-D58C-3471-85FA-23F6D56A0D8C} = {2F068A88-D58C-3471-85FA-23F6D56A0D8C}
		{6DE6F9CD-18B4-36A9-8549-8D3EAE92238D} = {6DE6F9CD-18B4-36A9-8549-8D3EAE92238D}
		{0F2DC445-A3A5-34AD-93E5-378D05AFFF9E} = {0F2DC445-A3A5-34AD-93E5-378D05AFFF9E}
		{22C790DC-49F9-366A-9E37-5E25D5CE7446} = {22C790DC-49F9-366A-9E37-5E25D5CE7446}
		{490D0294-4CE5-36C5-BD73-B8E7449205E4} = {490D0294-4CE5-36C5-BD73-B8E7449205E4}
	EndProjectSection
EndProject
Project("{8BC9CEB8-8B4A-11D0-8D11-00A0C91BC942}") = "pcbnew_kiface_objects", "pcbnew\pcbnew_kiface_objects.vcxproj", "{0F2DC445-A3A5-34AD-93E5-378D05AFFF9E}"
	ProjectSection(ProjectDependencies) = postProject
		{A59F4CA5-AA9E-3327-A195-75C2E8F3644E} = {A59F4CA5-AA9E-3327-A195-75C2E8F3644E}
		{B0E3404D-40F7-3154-AD69-689825F4641C} = {B0E3404D-40F7-3154-AD69-689825F4641C}
	EndProjectSection
EndProject
Project("{8BC9CEB8-8B4A-11D0-8D11-00A0C91BC942}") = "pl_editor", "pagelayout_editor\pl_editor.vcxproj", "{F3E34CF5-08E9-3582-A77D-A95391685DB5}"
	ProjectSection(ProjectDependencies) = postProject
		{A59F4CA5-AA9E-3327-A195-75C2E8F3644E} = {A59F4CA5-AA9E-3327-A195-75C2E8F3644E}
		{9A6A4987-968E-3599-A1A0-44C95D64E602} = {9A6A4987-968E-3599-A1A0-44C95D64E602}
		{041B7B40-6AB4-3723-8A65-6CCD370B3AEB} = {041B7B40-6AB4-3723-8A65-6CCD370B3AEB}
		{227698F1-1D1B-3C33-8F60-B566E272573D} = {227698F1-1D1B-3C33-8F60-B566E272573D}
		{3462E2C8-6B63-330A-9E64-F479E36BA188} = {3462E2C8-6B63-330A-9E64-F479E36BA188}
	EndProjectSection
EndProject
Project("{8BC9CEB8-8B4A-11D0-8D11-00A0C91BC942}") = "pl_editor_kiface", "pagelayout_editor\pl_editor_kiface.vcxproj", "{3462E2C8-6B63-330A-9E64-F479E36BA188}"
	ProjectSection(ProjectDependencies) = postProject
		{A59F4CA5-AA9E-3327-A195-75C2E8F3644E} = {A59F4CA5-AA9E-3327-A195-75C2E8F3644E}
		{9A6A4987-968E-3599-A1A0-44C95D64E602} = {9A6A4987-968E-3599-A1A0-44C95D64E602}
		{041B7B40-6AB4-3723-8A65-6CCD370B3AEB} = {041B7B40-6AB4-3723-8A65-6CCD370B3AEB}
		{227698F1-1D1B-3C33-8F60-B566E272573D} = {227698F1-1D1B-3C33-8F60-B566E272573D}
		{490D0294-4CE5-36C5-BD73-B8E7449205E4} = {490D0294-4CE5-36C5-BD73-B8E7449205E4}
	EndProjectSection
EndProject
Project("{8BC9CEB8-8B4A-11D0-8D11-00A0C91BC942}") = "pnsrouter", "pcbnew\router\pnsrouter.vcxproj", "{22C790DC-49F9-366A-9E37-5E25D5CE7446}"
	ProjectSection(ProjectDependencies) = postProject
		{A59F4CA5-AA9E-3327-A195-75C2E8F3644E} = {A59F4CA5-AA9E-3327-A195-75C2E8F3644E}
		{9C051CF7-D456-3431-83AC-F748C8C3F778} = {9C051CF7-D456-3431-83AC-F748C8C3F778}
		{2F068A88-D58C-3471-85FA-23F6D56A0D8C} = {2F068A88-D58C-3471-85FA-23F6D56A0D8C}
		{6DE6F9CD-18B4-36A9-8549-8D3EAE92238D} = {6DE6F9CD-18B4-36A9-8549-8D3EAE92238D}
	EndProjectSection
EndProject
Project("{8BC9CEB8-8B4A-11D0-8D11-00A0C91BC942}") = "polygon", "polygon\polygon.vcxproj", "{490D0294-4CE5-36C5-BD73-B8E7449205E4}"
	ProjectSection(ProjectDependencies) = postProject
		{A59F4CA5-AA9E-3327-A195-75C2E8F3644E} = {A59F4CA5-AA9E-3327-A195-75C2E8F3644E}
	EndProjectSection
EndProject
Project("{8BC9CEB8-8B4A-11D0-8D11-00A0C91BC942}") = "potrace", "potrace\potrace.vcxproj", "{8841D5B0-9166-3F02-B76D-9FAA843011E0}"
	ProjectSection(ProjectDependencies) = postProject
		{A59F4CA5-AA9E-3327-A195-75C2E8F3644E} = {A59F4CA5-AA9E-3327-A195-75C2E8F3644E}
	EndProjectSection
EndProject
Project("{8BC9CEB8-8B4A-11D0-8D11-00A0C91BC942}") = "property_tree", "tools\property_tree.vcxproj", "{85CD75DF-8F86-3A05-90A1-01890D7F6797}"
	ProjectSection(ProjectDependencies) = postProject
		{A59F4CA5-AA9E-3327-A195-75C2E8F3644E} = {A59F4CA5-AA9E-3327-A195-75C2E8F3644E}
	EndProjectSection
EndProject
Project("{8BC9CEB8-8B4A-11D0-8D11-00A0C91BC942}") = "qa_eagle_plugin", "eeschema\qa\qa_eagle_plugin.vcxproj", "{61B6F9F9-5833-3F52-B6C5-8D7684900905}"
	ProjectSection(ProjectDependencies) = postProject
		{A59F4CA5-AA9E-3327-A195-75C2E8F3644E} = {A59F4CA5-AA9E-3327-A195-75C2E8F3644E}
		{9A6A4987-968E-3599-A1A0-44C95D64E602} = {9A6A4987-968E-3599-A1A0-44C95D64E602}
		{041B7B40-6AB4-3723-8A65-6CCD370B3AEB} = {041B7B40-6AB4-3723-8A65-6CCD370B3AEB}
		{2DE6B3EF-2CA7-30EB-BECA-5DA7E5081C0B} = {2DE6B3EF-2CA7-30EB-BECA-5DA7E5081C0B}
		{227698F1-1D1B-3C33-8F60-B566E272573D} = {227698F1-1D1B-3C33-8F60-B566E272573D}
		{490D0294-4CE5-36C5-BD73-B8E7449205E4} = {490D0294-4CE5-36C5-BD73-B8E7449205E4}
	EndProjectSection
EndProject
Project("{8BC9CEB8-8B4A-11D0-8D11-00A0C91BC942}") = "qa_geometry", "qa\geometry\qa_geometry.vcxproj", "{814ACCF8-4EF4-3409-A679-05AC4349ED1C}"
	ProjectSection(ProjectDependencies) = postProject
		{A59F4CA5-AA9E-3327-A195-75C2E8F3644E} = {A59F4CA5-AA9E-3327-A195-75C2E8F3644E}
		{9A6A4987-968E-3599-A1A0-44C95D64E602} = {9A6A4987-968E-3599-A1A0-44C95D64E602}
		{041B7B40-6AB4-3723-8A65-6CCD370B3AEB} = {041B7B40-6AB4-3723-8A65-6CCD370B3AEB}
		{227698F1-1D1B-3C33-8F60-B566E272573D} = {227698F1-1D1B-3C33-8F60-B566E272573D}
		{6759BC4A-15C6-3D1B-A58E-D9A8C8760AF1} = {6759BC4A-15C6-3D1B-A58E-D9A8C8760AF1}
		{490D0294-4CE5-36C5-BD73-B8E7449205E4} = {490D0294-4CE5-36C5-BD73-B8E7449205E4}
	EndProjectSection
EndProject
Project("{8BC9CEB8-8B4A-11D0-8D11-00A0C91BC942}") = "s3d_plugin_idf", "plugins\3d\idf\s3d_plugin_idf.vcxproj", "{5011171C-4470-3BA4-99BB-9EBDE4D6F7F8}"
	ProjectSection(ProjectDependencies) = postProject
		{A59F4CA5-AA9E-3327-A195-75C2E8F3644E} = {A59F4CA5-AA9E-3327-A195-75C2E8F3644E}
		{041B7B40-6AB4-3723-8A65-6CCD370B3AEB} = {041B7B40-6AB4-3723-8A65-6CCD370B3AEB}
		{227698F1-1D1B-3C33-8F60-B566E272573D} = {227698F1-1D1B-3C33-8F60-B566E272573D}
		{21D8EC12-BC44-3415-9401-2039386132B4} = {21D8EC12-BC44-3415-9401-2039386132B4}
		{624F4F59-6E6E-3F50-B1DF-69BF277C4045} = {624F4F59-6E6E-3F50-B1DF-69BF277C4045}
	EndProjectSection
EndProject
Project("{8BC9CEB8-8B4A-11D0-8D11-00A0C91BC942}") = "s3d_plugin_vrml", "plugins\3d\vrml\s3d_plugin_vrml.vcxproj", "{3FEAD5C1-61D1-3AF4-BE9B-D4D1B4B3F1DE}"
	ProjectSection(ProjectDependencies) = postProject
		{A59F4CA5-AA9E-3327-A195-75C2E8F3644E} = {A59F4CA5-AA9E-3327-A195-75C2E8F3644E}
		{624F4F59-6E6E-3F50-B1DF-69BF277C4045} = {624F4F59-6E6E-3F50-B1DF-69BF277C4045}
	EndProjectSection
EndProject
Project("{8BC9CEB8-8B4A-11D0-8D11-00A0C91BC942}") = "singletop", "common\singletop.vcxproj", "{C2F07096-A688-3687-A4CC-803AA98D9C32}"
	ProjectSection(ProjectDependencies) = postProject
		{A59F4CA5-AA9E-3327-A195-75C2E8F3644E} = {A59F4CA5-AA9E-3327-A195-75C2E8F3644E}
	EndProjectSection
EndProject
Project("{8BC9CEB8-8B4A-11D0-8D11-00A0C91BC942}") = "specctra_lexer_source_files", "pcbnew\specctra_lexer_source_files.vcxproj", "{B0E3404D-40F7-3154-AD69-689825F4641C}"
	ProjectSection(ProjectDependencies) = postProject
		{A59F4CA5-AA9E-3327-A195-75C2E8F3644E} = {A59F4CA5-AA9E-3327-A195-75C2E8F3644E}
	EndProjectSection
EndProject
Project("{8BC9CEB8-8B4A-11D0-8D11-00A0C91BC942}") = "test-nm-biu-to-ascii-mm-round-tripping", "tools\test-nm-biu-to-ascii-mm-round-tripping.vcxproj", "{3C8625A3-4EB1-32C5-A374-AB753CBD42F9}"
	ProjectSection(ProjectDependencies) = postProject
		{A59F4CA5-AA9E-3327-A195-75C2E8F3644E} = {A59F4CA5-AA9E-3327-A195-75C2E8F3644E}
	EndProjectSection
EndProject
Project("{8BC9CEB8-8B4A-11D0-8D11-00A0C91BC942}") = "test_polygon_generator", "qa\polygon_generator\test_polygon_generator.vcxproj", "{723B0801-1F50-335A-9F76-4574F4DF00F7}"
	ProjectSection(ProjectDependencies) = postProject
		{A59F4CA5-AA9E-3327-A195-75C2E8F3644E} = {A59F4CA5-AA9E-3327-A195-75C2E8F3644E}
		{9A6A4987-968E-3599-A1A0-44C95D64E602} = {9A6A4987-968E-3599-A1A0-44C95D64E602}
		{041B7B40-6AB4-3723-8A65-6CCD370B3AEB} = {041B7B40-6AB4-3723-8A65-6CCD370B3AEB}
		{227698F1-1D1B-3C33-8F60-B566E272573D} = {227698F1-1D1B-3C33-8F60-B566E272573D}
		{9C051CF7-D456-3431-83AC-F748C8C3F778} = {9C051CF7-D456-3431-83AC-F748C8C3F778}
		{2F068A88-D58C-3471-85FA-23F6D56A0D8C} = {2F068A88-D58C-3471-85FA-23F6D56A0D8C}
		{6DE6F9CD-18B4-36A9-8549-8D3EAE92238D} = {6DE6F9CD-18B4-36A9-8549-8D3EAE92238D}
		{22C790DC-49F9-366A-9E37-5E25D5CE7446} = {22C790DC-49F9-366A-9E37-5E25D5CE7446}
		{490D0294-4CE5-36C5-BD73-B8E7449205E4} = {490D0294-4CE5-36C5-BD73-B8E7449205E4}
	EndProjectSection
EndProject
Project("{8BC9CEB8-8B4A-11D0-8D11-00A0C91BC942}") = "test_polygon_triangulation", "qa\polygon_triangulation\test_polygon_triangulation.vcxproj", "{7BD42E4A-C3C6-30FE-9D95-563053F59832}"
	ProjectSection(ProjectDependencies) = postProject
		{A59F4CA5-AA9E-3327-A195-75C2E8F3644E} = {A59F4CA5-AA9E-3327-A195-75C2E8F3644E}
		{9A6A4987-968E-3599-A1A0-44C95D64E602} = {9A6A4987-968E-3599-A1A0-44C95D64E602}
		{041B7B40-6AB4-3723-8A65-6CCD370B3AEB} = {041B7B40-6AB4-3723-8A65-6CCD370B3AEB}
		{227698F1-1D1B-3C33-8F60-B566E272573D} = {227698F1-1D1B-3C33-8F60-B566E272573D}
		{9C051CF7-D456-3431-83AC-F748C8C3F778} = {9C051CF7-D456-3431-83AC-F748C8C3F778}
		{2F068A88-D58C-3471-85FA-23F6D56A0D8C} = {2F068A88-D58C-3471-85FA-23F6D56A0D8C}
		{6DE6F9CD-18B4-36A9-8549-8D3EAE92238D} = {6DE6F9CD-18B4-36A9-8549-8D3EAE92238D}
		{22C790DC-49F9-366A-9E37-5E25D5CE7446} = {22C790DC-49F9-366A-9E37-5E25D5CE7446}
		{490D0294-4CE5-36C5-BD73-B8E7449205E4} = {490D0294-4CE5-36C5-BD73-B8E7449205E4}
	EndProjectSection
EndProject
Project("{8BC9CEB8-8B4A-11D0-8D11-00A0C91BC942}") = "test_window", "qa\pcb_test_window\test_window.vcxproj", "{8767FCB1-F954-3554-B5AD-820654AE65A1}"
	ProjectSection(ProjectDependencies) = postProject
		{A59F4CA5-AA9E-3327-A195-75C2E8F3644E} = {A59F4CA5-AA9E-3327-A195-75C2E8F3644E}
		{9A6A4987-968E-3599-A1A0-44C95D64E602} = {9A6A4987-968E-3599-A1A0-44C95D64E602}
		{041B7B40-6AB4-3723-8A65-6CCD370B3AEB} = {041B7B40-6AB4-3723-8A65-6CCD370B3AEB}
		{227698F1-1D1B-3C33-8F60-B566E272573D} = {227698F1-1D1B-3C33-8F60-B566E272573D}
		{9C051CF7-D456-3431-83AC-F748C8C3F778} = {9C051CF7-D456-3431-83AC-F748C8C3F778}
		{2F068A88-D58C-3471-85FA-23F6D56A0D8C} = {2F068A88-D58C-3471-85FA-23F6D56A0D8C}
		{6DE6F9CD-18B4-36A9-8549-8D3EAE92238D} = {6DE6F9CD-18B4-36A9-8549-8D3EAE92238D}
		{22C790DC-49F9-366A-9E37-5E25D5CE7446} = {22C790DC-49F9-366A-9E37-5E25D5CE7446}
		{490D0294-4CE5-36C5-BD73-B8E7449205E4} = {490D0294-4CE5-36C5-BD73-B8E7449205E4}
	EndProjectSection
EndProject
Project("{8BC9CEB8-8B4A-11D0-8D11-00A0C91BC942}") = "uninstall", "uninstall.vcxproj", "{D59EEA4E-1819-323D-A23A-1F0887449C19}"
	ProjectSection(ProjectDependencies) = postProject
		{A59F4CA5-AA9E-3327-A195-75C2E8F3644E} = {A59F4CA5-AA9E-3327-A195-75C2E8F3644E}
	EndProjectSection
EndProject
Project("{8BC9CEB8-8B4A-11D0-8D11-00A0C91BC942}") = "utf8_tests", "tools\utf8_tests.vcxproj", "{B1CAFAA6-9DA3-3FBA-AD3D-C0CBE2C76BE5}"
	ProjectSection(ProjectDependencies) = postProject
		{A59F4CA5-AA9E-3327-A195-75C2E8F3644E} = {A59F4CA5-AA9E-3327-A195-75C2E8F3644E}
		{041B7B40-6AB4-3723-8A65-6CCD370B3AEB} = {041B7B40-6AB4-3723-8A65-6CCD370B3AEB}
		{227698F1-1D1B-3C33-8F60-B566E272573D} = {227698F1-1D1B-3C33-8F60-B566E272573D}
	EndProjectSection
EndProject
Project("{8BC9CEB8-8B4A-11D0-8D11-00A0C91BC942}") = "version_header", "common\version_header.vcxproj", "{7C58B346-DE9C-3404-977A-AB8182F81AB6}"
	ProjectSection(ProjectDependencies) = postProject
		{A59F4CA5-AA9E-3327-A195-75C2E8F3644E} = {A59F4CA5-AA9E-3327-A195-75C2E8F3644E}
	EndProjectSection
EndProject
Global
	GlobalSection(SolutionConfigurationPlatforms) = preSolution
		Debug|x64 = Debug|x64
		Release|x64 = Release|x64
		MinSizeRel|x64 = MinSizeRel|x64
		RelWithDebInfo|x64 = RelWithDebInfo|x64
	EndGlobalSection
	GlobalSection(ProjectConfigurationPlatforms) = postSolution
		{23D83D80-EC41-381B-95B2-5D11962EE8C6}.Debug|x64.ActiveCfg = Debug|x64
		{23D83D80-EC41-381B-95B2-5D11962EE8C6}.Debug|x64.Build.0 = Debug|x64
		{23D83D80-EC41-381B-95B2-5D11962EE8C6}.Release|x64.ActiveCfg = Release|x64
		{23D83D80-EC41-381B-95B2-5D11962EE8C6}.Release|x64.Build.0 = Release|x64
		{23D83D80-EC41-381B-95B2-5D11962EE8C6}.MinSizeRel|x64.ActiveCfg = MinSizeRel|x64
		{23D83D80-EC41-381B-95B2-5D11962EE8C6}.MinSizeRel|x64.Build.0 = MinSizeRel|x64
		{23D83D80-EC41-381B-95B2-5D11962EE8C6}.RelWithDebInfo|x64.ActiveCfg = RelWithDebInfo|x64
		{23D83D80-EC41-381B-95B2-5D11962EE8C6}.RelWithDebInfo|x64.Build.0 = RelWithDebInfo|x64
		{707A730C-24D7-310F-B147-D8D9FF57BB8A}.Debug|x64.ActiveCfg = Debug|x64
		{707A730C-24D7-310F-B147-D8D9FF57BB8A}.Debug|x64.Build.0 = Debug|x64
		{707A730C-24D7-310F-B147-D8D9FF57BB8A}.Release|x64.ActiveCfg = Release|x64
		{707A730C-24D7-310F-B147-D8D9FF57BB8A}.Release|x64.Build.0 = Release|x64
		{707A730C-24D7-310F-B147-D8D9FF57BB8A}.MinSizeRel|x64.ActiveCfg = MinSizeRel|x64
		{707A730C-24D7-310F-B147-D8D9FF57BB8A}.MinSizeRel|x64.Build.0 = MinSizeRel|x64
		{707A730C-24D7-310F-B147-D8D9FF57BB8A}.RelWithDebInfo|x64.ActiveCfg = RelWithDebInfo|x64
		{707A730C-24D7-310F-B147-D8D9FF57BB8A}.RelWithDebInfo|x64.Build.0 = RelWithDebInfo|x64
		{B94FF9F0-1848-3A8B-B59A-5784B95CF14C}.Debug|x64.ActiveCfg = Debug|x64
		{B94FF9F0-1848-3A8B-B59A-5784B95CF14C}.Release|x64.ActiveCfg = Release|x64
		{B94FF9F0-1848-3A8B-B59A-5784B95CF14C}.MinSizeRel|x64.ActiveCfg = MinSizeRel|x64
		{B94FF9F0-1848-3A8B-B59A-5784B95CF14C}.RelWithDebInfo|x64.ActiveCfg = RelWithDebInfo|x64
		{A59F4CA5-AA9E-3327-A195-75C2E8F3644E}.Debug|x64.ActiveCfg = Debug|x64
		{A59F4CA5-AA9E-3327-A195-75C2E8F3644E}.Debug|x64.Build.0 = Debug|x64
		{A59F4CA5-AA9E-3327-A195-75C2E8F3644E}.Release|x64.ActiveCfg = Release|x64
		{A59F4CA5-AA9E-3327-A195-75C2E8F3644E}.Release|x64.Build.0 = Release|x64
		{A59F4CA5-AA9E-3327-A195-75C2E8F3644E}.MinSizeRel|x64.ActiveCfg = MinSizeRel|x64
		{A59F4CA5-AA9E-3327-A195-75C2E8F3644E}.MinSizeRel|x64.Build.0 = MinSizeRel|x64
		{A59F4CA5-AA9E-3327-A195-75C2E8F3644E}.RelWithDebInfo|x64.ActiveCfg = RelWithDebInfo|x64
		{A59F4CA5-AA9E-3327-A195-75C2E8F3644E}.RelWithDebInfo|x64.Build.0 = RelWithDebInfo|x64
		{9FA49296-3F96-36EE-B4E1-60FC64C2CDFC}.Debug|x64.ActiveCfg = Debug|x64
		{9FA49296-3F96-36EE-B4E1-60FC64C2CDFC}.Debug|x64.Build.0 = Debug|x64
		{9FA49296-3F96-36EE-B4E1-60FC64C2CDFC}.Release|x64.ActiveCfg = Release|x64
		{9FA49296-3F96-36EE-B4E1-60FC64C2CDFC}.Release|x64.Build.0 = Release|x64
		{9FA49296-3F96-36EE-B4E1-60FC64C2CDFC}.MinSizeRel|x64.ActiveCfg = MinSizeRel|x64
		{9FA49296-3F96-36EE-B4E1-60FC64C2CDFC}.MinSizeRel|x64.Build.0 = MinSizeRel|x64
		{9FA49296-3F96-36EE-B4E1-60FC64C2CDFC}.RelWithDebInfo|x64.ActiveCfg = RelWithDebInfo|x64
		{9FA49296-3F96-36EE-B4E1-60FC64C2CDFC}.RelWithDebInfo|x64.Build.0 = RelWithDebInfo|x64
		{9A6A4987-968E-3599-A1A0-44C95D64E602}.Debug|x64.ActiveCfg = Debug|x64
		{9A6A4987-968E-3599-A1A0-44C95D64E602}.Debug|x64.Build.0 = Debug|x64
		{9A6A4987-968E-3599-A1A0-44C95D64E602}.Release|x64.ActiveCfg = Release|x64
		{9A6A4987-968E-3599-A1A0-44C95D64E602}.Release|x64.Build.0 = Release|x64
		{9A6A4987-968E-3599-A1A0-44C95D64E602}.MinSizeRel|x64.ActiveCfg = MinSizeRel|x64
		{9A6A4987-968E-3599-A1A0-44C95D64E602}.MinSizeRel|x64.Build.0 = MinSizeRel|x64
		{9A6A4987-968E-3599-A1A0-44C95D64E602}.RelWithDebInfo|x64.ActiveCfg = RelWithDebInfo|x64
		{9A6A4987-968E-3599-A1A0-44C95D64E602}.RelWithDebInfo|x64.Build.0 = RelWithDebInfo|x64
		{CBB2719E-43C0-333E-8C1C-58BEED0C7028}.Debug|x64.ActiveCfg = Debug|x64
		{CBB2719E-43C0-333E-8C1C-58BEED0C7028}.Debug|x64.Build.0 = Debug|x64
		{CBB2719E-43C0-333E-8C1C-58BEED0C7028}.Release|x64.ActiveCfg = Release|x64
		{CBB2719E-43C0-333E-8C1C-58BEED0C7028}.Release|x64.Build.0 = Release|x64
		{CBB2719E-43C0-333E-8C1C-58BEED0C7028}.MinSizeRel|x64.ActiveCfg = MinSizeRel|x64
		{CBB2719E-43C0-333E-8C1C-58BEED0C7028}.MinSizeRel|x64.Build.0 = MinSizeRel|x64
		{CBB2719E-43C0-333E-8C1C-58BEED0C7028}.RelWithDebInfo|x64.ActiveCfg = RelWithDebInfo|x64
		{CBB2719E-43C0-333E-8C1C-58BEED0C7028}.RelWithDebInfo|x64.Build.0 = RelWithDebInfo|x64
		{041B7B40-6AB4-3723-8A65-6CCD370B3AEB}.Debug|x64.ActiveCfg = Debug|x64
		{041B7B40-6AB4-3723-8A65-6CCD370B3AEB}.Debug|x64.Build.0 = Debug|x64
		{041B7B40-6AB4-3723-8A65-6CCD370B3AEB}.Release|x64.ActiveCfg = Release|x64
		{041B7B40-6AB4-3723-8A65-6CCD370B3AEB}.Release|x64.Build.0 = Release|x64
		{041B7B40-6AB4-3723-8A65-6CCD370B3AEB}.MinSizeRel|x64.ActiveCfg = MinSizeRel|x64
		{041B7B40-6AB4-3723-8A65-6CCD370B3AEB}.MinSizeRel|x64.Build.0 = MinSizeRel|x64
		{041B7B40-6AB4-3723-8A65-6CCD370B3AEB}.RelWithDebInfo|x64.ActiveCfg = RelWithDebInfo|x64
		{041B7B40-6AB4-3723-8A65-6CCD370B3AEB}.RelWithDebInfo|x64.Build.0 = RelWithDebInfo|x64
		{C3E643E0-F0FF-3761-8034-E3352EAB325C}.Debug|x64.ActiveCfg = Debug|x64
		{C3E643E0-F0FF-3761-8034-E3352EAB325C}.Debug|x64.Build.0 = Debug|x64
		{C3E643E0-F0FF-3761-8034-E3352EAB325C}.Release|x64.ActiveCfg = Release|x64
		{C3E643E0-F0FF-3761-8034-E3352EAB325C}.Release|x64.Build.0 = Release|x64
		{C3E643E0-F0FF-3761-8034-E3352EAB325C}.MinSizeRel|x64.ActiveCfg = MinSizeRel|x64
		{C3E643E0-F0FF-3761-8034-E3352EAB325C}.MinSizeRel|x64.Build.0 = MinSizeRel|x64
		{C3E643E0-F0FF-3761-8034-E3352EAB325C}.RelWithDebInfo|x64.ActiveCfg = RelWithDebInfo|x64
		{C3E643E0-F0FF-3761-8034-E3352EAB325C}.RelWithDebInfo|x64.Build.0 = RelWithDebInfo|x64
		{98408A85-EC21-3CC8-8C49-D981EAA6139A}.Debug|x64.ActiveCfg = Debug|x64
		{98408A85-EC21-3CC8-8C49-D981EAA6139A}.Debug|x64.Build.0 = Debug|x64
		{98408A85-EC21-3CC8-8C49-D981EAA6139A}.Release|x64.ActiveCfg = Release|x64
		{98408A85-EC21-3CC8-8C49-D981EAA6139A}.Release|x64.Build.0 = Release|x64
		{98408A85-EC21-3CC8-8C49-D981EAA6139A}.MinSizeRel|x64.ActiveCfg = MinSizeRel|x64
		{98408A85-EC21-3CC8-8C49-D981EAA6139A}.MinSizeRel|x64.Build.0 = MinSizeRel|x64
		{98408A85-EC21-3CC8-8C49-D981EAA6139A}.RelWithDebInfo|x64.ActiveCfg = RelWithDebInfo|x64
		{98408A85-EC21-3CC8-8C49-D981EAA6139A}.RelWithDebInfo|x64.Build.0 = RelWithDebInfo|x64
		{3AD8F72D-9CD1-3091-9A39-2FD6707CEBC7}.Debug|x64.ActiveCfg = Debug|x64
		{3AD8F72D-9CD1-3091-9A39-2FD6707CEBC7}.Release|x64.ActiveCfg = Release|x64
		{3AD8F72D-9CD1-3091-9A39-2FD6707CEBC7}.MinSizeRel|x64.ActiveCfg = MinSizeRel|x64
		{3AD8F72D-9CD1-3091-9A39-2FD6707CEBC7}.RelWithDebInfo|x64.ActiveCfg = RelWithDebInfo|x64
		{47726839-FDBF-3347-A83C-392278AC272B}.Debug|x64.ActiveCfg = Debug|x64
		{47726839-FDBF-3347-A83C-392278AC272B}.Debug|x64.Build.0 = Debug|x64
		{47726839-FDBF-3347-A83C-392278AC272B}.Release|x64.ActiveCfg = Release|x64
		{47726839-FDBF-3347-A83C-392278AC272B}.Release|x64.Build.0 = Release|x64
		{47726839-FDBF-3347-A83C-392278AC272B}.MinSizeRel|x64.ActiveCfg = MinSizeRel|x64
		{47726839-FDBF-3347-A83C-392278AC272B}.MinSizeRel|x64.Build.0 = MinSizeRel|x64
		{47726839-FDBF-3347-A83C-392278AC272B}.RelWithDebInfo|x64.ActiveCfg = RelWithDebInfo|x64
		{47726839-FDBF-3347-A83C-392278AC272B}.RelWithDebInfo|x64.Build.0 = RelWithDebInfo|x64
		{E57921D1-5D88-331F-AE65-FAA820094796}.Debug|x64.ActiveCfg = Debug|x64
		{E57921D1-5D88-331F-AE65-FAA820094796}.Release|x64.ActiveCfg = Release|x64
		{E57921D1-5D88-331F-AE65-FAA820094796}.MinSizeRel|x64.ActiveCfg = MinSizeRel|x64
		{E57921D1-5D88-331F-AE65-FAA820094796}.RelWithDebInfo|x64.ActiveCfg = RelWithDebInfo|x64
		{DAF53343-F88F-354A-9D6C-F8DFDA903C80}.Debug|x64.ActiveCfg = Debug|x64
		{DAF53343-F88F-354A-9D6C-F8DFDA903C80}.Debug|x64.Build.0 = Debug|x64
		{DAF53343-F88F-354A-9D6C-F8DFDA903C80}.Release|x64.ActiveCfg = Release|x64
		{DAF53343-F88F-354A-9D6C-F8DFDA903C80}.Release|x64.Build.0 = Release|x64
		{DAF53343-F88F-354A-9D6C-F8DFDA903C80}.MinSizeRel|x64.ActiveCfg = MinSizeRel|x64
		{DAF53343-F88F-354A-9D6C-F8DFDA903C80}.MinSizeRel|x64.Build.0 = MinSizeRel|x64
		{DAF53343-F88F-354A-9D6C-F8DFDA903C80}.RelWithDebInfo|x64.ActiveCfg = RelWithDebInfo|x64
		{DAF53343-F88F-354A-9D6C-F8DFDA903C80}.RelWithDebInfo|x64.Build.0 = RelWithDebInfo|x64
		{D449618C-6F8A-3F5D-8BCD-278A8283BEA5}.Debug|x64.ActiveCfg = Debug|x64
		{D449618C-6F8A-3F5D-8BCD-278A8283BEA5}.Debug|x64.Build.0 = Debug|x64
		{D449618C-6F8A-3F5D-8BCD-278A8283BEA5}.Release|x64.ActiveCfg = Release|x64
		{D449618C-6F8A-3F5D-8BCD-278A8283BEA5}.Release|x64.Build.0 = Release|x64
		{D449618C-6F8A-3F5D-8BCD-278A8283BEA5}.MinSizeRel|x64.ActiveCfg = MinSizeRel|x64
		{D449618C-6F8A-3F5D-8BCD-278A8283BEA5}.MinSizeRel|x64.Build.0 = MinSizeRel|x64
		{D449618C-6F8A-3F5D-8BCD-278A8283BEA5}.RelWithDebInfo|x64.ActiveCfg = RelWithDebInfo|x64
		{D449618C-6F8A-3F5D-8BCD-278A8283BEA5}.RelWithDebInfo|x64.Build.0 = RelWithDebInfo|x64
		{6E06B4BB-AD5D-3848-BFB8-C5F46E3E15B9}.Debug|x64.ActiveCfg = Debug|x64
		{6E06B4BB-AD5D-3848-BFB8-C5F46E3E15B9}.Debug|x64.Build.0 = Debug|x64
		{6E06B4BB-AD5D-3848-BFB8-C5F46E3E15B9}.Release|x64.ActiveCfg = Release|x64
		{6E06B4BB-AD5D-3848-BFB8-C5F46E3E15B9}.Release|x64.Build.0 = Release|x64
		{6E06B4BB-AD5D-3848-BFB8-C5F46E3E15B9}.MinSizeRel|x64.ActiveCfg = MinSizeRel|x64
		{6E06B4BB-AD5D-3848-BFB8-C5F46E3E15B9}.MinSizeRel|x64.Build.0 = MinSizeRel|x64
		{6E06B4BB-AD5D-3848-BFB8-C5F46E3E15B9}.RelWithDebInfo|x64.ActiveCfg = RelWithDebInfo|x64
		{6E06B4BB-AD5D-3848-BFB8-C5F46E3E15B9}.RelWithDebInfo|x64.Build.0 = RelWithDebInfo|x64
		{2DE6B3EF-2CA7-30EB-BECA-5DA7E5081C0B}.Debug|x64.ActiveCfg = Debug|x64
		{2DE6B3EF-2CA7-30EB-BECA-5DA7E5081C0B}.Debug|x64.Build.0 = Debug|x64
		{2DE6B3EF-2CA7-30EB-BECA-5DA7E5081C0B}.Release|x64.ActiveCfg = Release|x64
		{2DE6B3EF-2CA7-30EB-BECA-5DA7E5081C0B}.Release|x64.Build.0 = Release|x64
		{2DE6B3EF-2CA7-30EB-BECA-5DA7E5081C0B}.MinSizeRel|x64.ActiveCfg = MinSizeRel|x64
		{2DE6B3EF-2CA7-30EB-BECA-5DA7E5081C0B}.MinSizeRel|x64.Build.0 = MinSizeRel|x64
		{2DE6B3EF-2CA7-30EB-BECA-5DA7E5081C0B}.RelWithDebInfo|x64.ActiveCfg = RelWithDebInfo|x64
		{2DE6B3EF-2CA7-30EB-BECA-5DA7E5081C0B}.RelWithDebInfo|x64.Build.0 = RelWithDebInfo|x64
		{D7760880-7AC8-3F65-9BB8-1EE1300DDDCF}.Debug|x64.ActiveCfg = Debug|x64
		{D7760880-7AC8-3F65-9BB8-1EE1300DDDCF}.Debug|x64.Build.0 = Debug|x64
		{D7760880-7AC8-3F65-9BB8-1EE1300DDDCF}.Release|x64.ActiveCfg = Release|x64
		{D7760880-7AC8-3F65-9BB8-1EE1300DDDCF}.Release|x64.Build.0 = Release|x64
		{D7760880-7AC8-3F65-9BB8-1EE1300DDDCF}.MinSizeRel|x64.ActiveCfg = MinSizeRel|x64
		{D7760880-7AC8-3F65-9BB8-1EE1300DDDCF}.MinSizeRel|x64.Build.0 = MinSizeRel|x64
		{D7760880-7AC8-3F65-9BB8-1EE1300DDDCF}.RelWithDebInfo|x64.ActiveCfg = RelWithDebInfo|x64
		{D7760880-7AC8-3F65-9BB8-1EE1300DDDCF}.RelWithDebInfo|x64.Build.0 = RelWithDebInfo|x64
		{227698F1-1D1B-3C33-8F60-B566E272573D}.Debug|x64.ActiveCfg = Debug|x64
		{227698F1-1D1B-3C33-8F60-B566E272573D}.Debug|x64.Build.0 = Debug|x64
		{227698F1-1D1B-3C33-8F60-B566E272573D}.Release|x64.ActiveCfg = Release|x64
		{227698F1-1D1B-3C33-8F60-B566E272573D}.Release|x64.Build.0 = Release|x64
		{227698F1-1D1B-3C33-8F60-B566E272573D}.MinSizeRel|x64.ActiveCfg = MinSizeRel|x64
		{227698F1-1D1B-3C33-8F60-B566E272573D}.MinSizeRel|x64.Build.0 = MinSizeRel|x64
		{227698F1-1D1B-3C33-8F60-B566E272573D}.RelWithDebInfo|x64.ActiveCfg = RelWithDebInfo|x64
		{227698F1-1D1B-3C33-8F60-B566E272573D}.RelWithDebInfo|x64.Build.0 = RelWithDebInfo|x64
		{44E81839-E1B1-3201-A941-AE74323151EF}.Debug|x64.ActiveCfg = Debug|x64
		{44E81839-E1B1-3201-A941-AE74323151EF}.Debug|x64.Build.0 = Debug|x64
		{44E81839-E1B1-3201-A941-AE74323151EF}.Release|x64.ActiveCfg = Release|x64
		{44E81839-E1B1-3201-A941-AE74323151EF}.Release|x64.Build.0 = Release|x64
		{44E81839-E1B1-3201-A941-AE74323151EF}.MinSizeRel|x64.ActiveCfg = MinSizeRel|x64
		{44E81839-E1B1-3201-A941-AE74323151EF}.MinSizeRel|x64.Build.0 = MinSizeRel|x64
		{44E81839-E1B1-3201-A941-AE74323151EF}.RelWithDebInfo|x64.ActiveCfg = RelWithDebInfo|x64
		{44E81839-E1B1-3201-A941-AE74323151EF}.RelWithDebInfo|x64.Build.0 = RelWithDebInfo|x64
		{23ADED6C-7FFE-3BFF-85D8-29FCAFF47C69}.Debug|x64.ActiveCfg = Debug|x64
		{23ADED6C-7FFE-3BFF-85D8-29FCAFF47C69}.Debug|x64.Build.0 = Debug|x64
		{23ADED6C-7FFE-3BFF-85D8-29FCAFF47C69}.Release|x64.ActiveCfg = Release|x64
		{23ADED6C-7FFE-3BFF-85D8-29FCAFF47C69}.Release|x64.Build.0 = Release|x64
		{23ADED6C-7FFE-3BFF-85D8-29FCAFF47C69}.MinSizeRel|x64.ActiveCfg = MinSizeRel|x64
		{23ADED6C-7FFE-3BFF-85D8-29FCAFF47C69}.MinSizeRel|x64.Build.0 = MinSizeRel|x64
		{23ADED6C-7FFE-3BFF-85D8-29FCAFF47C69}.RelWithDebInfo|x64.ActiveCfg = RelWithDebInfo|x64
		{23ADED6C-7FFE-3BFF-85D8-29FCAFF47C69}.RelWithDebInfo|x64.Build.0 = RelWithDebInfo|x64
		{9C051CF7-D456-3431-83AC-F748C8C3F778}.Debug|x64.ActiveCfg = Debug|x64
		{9C051CF7-D456-3431-83AC-F748C8C3F778}.Debug|x64.Build.0 = Debug|x64
		{9C051CF7-D456-3431-83AC-F748C8C3F778}.Release|x64.ActiveCfg = Release|x64
		{9C051CF7-D456-3431-83AC-F748C8C3F778}.Release|x64.Build.0 = Release|x64
		{9C051CF7-D456-3431-83AC-F748C8C3F778}.MinSizeRel|x64.ActiveCfg = MinSizeRel|x64
		{9C051CF7-D456-3431-83AC-F748C8C3F778}.MinSizeRel|x64.Build.0 = MinSizeRel|x64
		{9C051CF7-D456-3431-83AC-F748C8C3F778}.RelWithDebInfo|x64.ActiveCfg = RelWithDebInfo|x64
		{9C051CF7-D456-3431-83AC-F748C8C3F778}.RelWithDebInfo|x64.Build.0 = RelWithDebInfo|x64
		{E060627F-E7F8-3B55-AF4A-F8267FE4DD96}.Debug|x64.ActiveCfg = Debug|x64
		{E060627F-E7F8-3B55-AF4A-F8267FE4DD96}.Debug|x64.Build.0 = Debug|x64
		{E060627F-E7F8-3B55-AF4A-F8267FE4DD96}.Release|x64.ActiveCfg = Release|x64
		{E060627F-E7F8-3B55-AF4A-F8267FE4DD96}.Release|x64.Build.0 = Release|x64
		{E060627F-E7F8-3B55-AF4A-F8267FE4DD96}.MinSizeRel|x64.ActiveCfg = MinSizeRel|x64
		{E060627F-E7F8-3B55-AF4A-F8267FE4DD96}.MinSizeRel|x64.Build.0 = MinSizeRel|x64
		{E060627F-E7F8-3B55-AF4A-F8267FE4DD96}.RelWithDebInfo|x64.ActiveCfg = RelWithDebInfo|x64
		{E060627F-E7F8-3B55-AF4A-F8267FE4DD96}.RelWithDebInfo|x64.Build.0 = RelWithDebInfo|x64
		{21D8EC12-BC44-3415-9401-2039386132B4}.Debug|x64.ActiveCfg = Debug|x64
		{21D8EC12-BC44-3415-9401-2039386132B4}.Debug|x64.Build.0 = Debug|x64
		{21D8EC12-BC44-3415-9401-2039386132B4}.Release|x64.ActiveCfg = Release|x64
		{21D8EC12-BC44-3415-9401-2039386132B4}.Release|x64.Build.0 = Release|x64
		{21D8EC12-BC44-3415-9401-2039386132B4}.MinSizeRel|x64.ActiveCfg = MinSizeRel|x64
		{21D8EC12-BC44-3415-9401-2039386132B4}.MinSizeRel|x64.Build.0 = MinSizeRel|x64
		{21D8EC12-BC44-3415-9401-2039386132B4}.RelWithDebInfo|x64.ActiveCfg = RelWithDebInfo|x64
		{21D8EC12-BC44-3415-9401-2039386132B4}.RelWithDebInfo|x64.Build.0 = RelWithDebInfo|x64
		{55148E00-9546-398D-8AD0-7BD05A8DAE46}.Debug|x64.ActiveCfg = Debug|x64
		{55148E00-9546-398D-8AD0-7BD05A8DAE46}.Debug|x64.Build.0 = Debug|x64
		{55148E00-9546-398D-8AD0-7BD05A8DAE46}.Release|x64.ActiveCfg = Release|x64
		{55148E00-9546-398D-8AD0-7BD05A8DAE46}.Release|x64.Build.0 = Release|x64
		{55148E00-9546-398D-8AD0-7BD05A8DAE46}.MinSizeRel|x64.ActiveCfg = MinSizeRel|x64
		{55148E00-9546-398D-8AD0-7BD05A8DAE46}.MinSizeRel|x64.Build.0 = MinSizeRel|x64
		{55148E00-9546-398D-8AD0-7BD05A8DAE46}.RelWithDebInfo|x64.ActiveCfg = RelWithDebInfo|x64
		{55148E00-9546-398D-8AD0-7BD05A8DAE46}.RelWithDebInfo|x64.Build.0 = RelWithDebInfo|x64
		{3C42AE8F-52B9-3020-8482-E48EEC7D78CC}.Debug|x64.ActiveCfg = Debug|x64
		{3C42AE8F-52B9-3020-8482-E48EEC7D78CC}.Debug|x64.Build.0 = Debug|x64
		{3C42AE8F-52B9-3020-8482-E48EEC7D78CC}.Release|x64.ActiveCfg = Release|x64
		{3C42AE8F-52B9-3020-8482-E48EEC7D78CC}.Release|x64.Build.0 = Release|x64
		{3C42AE8F-52B9-3020-8482-E48EEC7D78CC}.MinSizeRel|x64.ActiveCfg = MinSizeRel|x64
		{3C42AE8F-52B9-3020-8482-E48EEC7D78CC}.MinSizeRel|x64.Build.0 = MinSizeRel|x64
		{3C42AE8F-52B9-3020-8482-E48EEC7D78CC}.RelWithDebInfo|x64.ActiveCfg = RelWithDebInfo|x64
		{3C42AE8F-52B9-3020-8482-E48EEC7D78CC}.RelWithDebInfo|x64.Build.0 = RelWithDebInfo|x64
		{4443114A-8479-3678-A70E-4EDAD0B97AC8}.Debug|x64.ActiveCfg = Debug|x64
		{4443114A-8479-3678-A70E-4EDAD0B97AC8}.Debug|x64.Build.0 = Debug|x64
		{4443114A-8479-3678-A70E-4EDAD0B97AC8}.Release|x64.ActiveCfg = Release|x64
		{4443114A-8479-3678-A70E-4EDAD0B97AC8}.Release|x64.Build.0 = Release|x64
		{4443114A-8479-3678-A70E-4EDAD0B97AC8}.MinSizeRel|x64.ActiveCfg = MinSizeRel|x64
		{4443114A-8479-3678-A70E-4EDAD0B97AC8}.MinSizeRel|x64.Build.0 = MinSizeRel|x64
		{4443114A-8479-3678-A70E-4EDAD0B97AC8}.RelWithDebInfo|x64.ActiveCfg = RelWithDebInfo|x64
		{4443114A-8479-3678-A70E-4EDAD0B97AC8}.RelWithDebInfo|x64.Build.0 = RelWithDebInfo|x64
		{9F5DC05F-A9FE-3309-87AB-AABDE90488A4}.Debug|x64.ActiveCfg = Debug|x64
		{9F5DC05F-A9FE-3309-87AB-AABDE90488A4}.Debug|x64.Build.0 = Debug|x64
		{9F5DC05F-A9FE-3309-87AB-AABDE90488A4}.Release|x64.ActiveCfg = Release|x64
		{9F5DC05F-A9FE-3309-87AB-AABDE90488A4}.Release|x64.Build.0 = Release|x64
		{9F5DC05F-A9FE-3309-87AB-AABDE90488A4}.MinSizeRel|x64.ActiveCfg = MinSizeRel|x64
		{9F5DC05F-A9FE-3309-87AB-AABDE90488A4}.MinSizeRel|x64.Build.0 = MinSizeRel|x64
		{9F5DC05F-A9FE-3309-87AB-AABDE90488A4}.RelWithDebInfo|x64.ActiveCfg = RelWithDebInfo|x64
		{9F5DC05F-A9FE-3309-87AB-AABDE90488A4}.RelWithDebInfo|x64.Build.0 = RelWithDebInfo|x64
		{0DA14E2B-9D67-3269-BD75-B50F801B20C7}.Debug|x64.ActiveCfg = Debug|x64
		{0DA14E2B-9D67-3269-BD75-B50F801B20C7}.Debug|x64.Build.0 = Debug|x64
		{0DA14E2B-9D67-3269-BD75-B50F801B20C7}.Release|x64.ActiveCfg = Release|x64
		{0DA14E2B-9D67-3269-BD75-B50F801B20C7}.Release|x64.Build.0 = Release|x64
		{0DA14E2B-9D67-3269-BD75-B50F801B20C7}.MinSizeRel|x64.ActiveCfg = MinSizeRel|x64
		{0DA14E2B-9D67-3269-BD75-B50F801B20C7}.MinSizeRel|x64.Build.0 = MinSizeRel|x64
		{0DA14E2B-9D67-3269-BD75-B50F801B20C7}.RelWithDebInfo|x64.ActiveCfg = RelWithDebInfo|x64
		{0DA14E2B-9D67-3269-BD75-B50F801B20C7}.RelWithDebInfo|x64.Build.0 = RelWithDebInfo|x64
		{624F4F59-6E6E-3F50-B1DF-69BF277C4045}.Debug|x64.ActiveCfg = Debug|x64
		{624F4F59-6E6E-3F50-B1DF-69BF277C4045}.Debug|x64.Build.0 = Debug|x64
		{624F4F59-6E6E-3F50-B1DF-69BF277C4045}.Release|x64.ActiveCfg = Release|x64
		{624F4F59-6E6E-3F50-B1DF-69BF277C4045}.Release|x64.Build.0 = Release|x64
		{624F4F59-6E6E-3F50-B1DF-69BF277C4045}.MinSizeRel|x64.ActiveCfg = MinSizeRel|x64
		{624F4F59-6E6E-3F50-B1DF-69BF277C4045}.MinSizeRel|x64.Build.0 = MinSizeRel|x64
		{624F4F59-6E6E-3F50-B1DF-69BF277C4045}.RelWithDebInfo|x64.ActiveCfg = RelWithDebInfo|x64
		{624F4F59-6E6E-3F50-B1DF-69BF277C4045}.RelWithDebInfo|x64.Build.0 = RelWithDebInfo|x64
		{A9EB39E9-B0B3-32C3-A0DE-0D53781FD6F6}.Debug|x64.ActiveCfg = Debug|x64
		{A9EB39E9-B0B3-32C3-A0DE-0D53781FD6F6}.Debug|x64.Build.0 = Debug|x64
		{A9EB39E9-B0B3-32C3-A0DE-0D53781FD6F6}.Release|x64.ActiveCfg = Release|x64
		{A9EB39E9-B0B3-32C3-A0DE-0D53781FD6F6}.Release|x64.Build.0 = Release|x64
		{A9EB39E9-B0B3-32C3-A0DE-0D53781FD6F6}.MinSizeRel|x64.ActiveCfg = MinSizeRel|x64
		{A9EB39E9-B0B3-32C3-A0DE-0D53781FD6F6}.MinSizeRel|x64.Build.0 = MinSizeRel|x64
		{A9EB39E9-B0B3-32C3-A0DE-0D53781FD6F6}.RelWithDebInfo|x64.ActiveCfg = RelWithDebInfo|x64
		{A9EB39E9-B0B3-32C3-A0DE-0D53781FD6F6}.RelWithDebInfo|x64.Build.0 = RelWithDebInfo|x64
		{8E2E93C4-E944-360A-A136-B01F481C1EE7}.Debug|x64.ActiveCfg = Debug|x64
		{8E2E93C4-E944-360A-A136-B01F481C1EE7}.Debug|x64.Build.0 = Debug|x64
		{8E2E93C4-E944-360A-A136-B01F481C1EE7}.Release|x64.ActiveCfg = Release|x64
		{8E2E93C4-E944-360A-A136-B01F481C1EE7}.Release|x64.Build.0 = Release|x64
		{8E2E93C4-E944-360A-A136-B01F481C1EE7}.MinSizeRel|x64.ActiveCfg = MinSizeRel|x64
		{8E2E93C4-E944-360A-A136-B01F481C1EE7}.MinSizeRel|x64.Build.0 = MinSizeRel|x64
		{8E2E93C4-E944-360A-A136-B01F481C1EE7}.RelWithDebInfo|x64.ActiveCfg = RelWithDebInfo|x64
		{8E2E93C4-E944-360A-A136-B01F481C1EE7}.RelWithDebInfo|x64.Build.0 = RelWithDebInfo|x64
		{15072248-A311-3601-8AEA-E8111B10ABC8}.Debug|x64.ActiveCfg = Debug|x64
		{15072248-A311-3601-8AEA-E8111B10ABC8}.Debug|x64.Build.0 = Debug|x64
		{15072248-A311-3601-8AEA-E8111B10ABC8}.Release|x64.ActiveCfg = Release|x64
		{15072248-A311-3601-8AEA-E8111B10ABC8}.Release|x64.Build.0 = Release|x64
		{15072248-A311-3601-8AEA-E8111B10ABC8}.MinSizeRel|x64.ActiveCfg = MinSizeRel|x64
		{15072248-A311-3601-8AEA-E8111B10ABC8}.MinSizeRel|x64.Build.0 = MinSizeRel|x64
		{15072248-A311-3601-8AEA-E8111B10ABC8}.RelWithDebInfo|x64.ActiveCfg = RelWithDebInfo|x64
		{15072248-A311-3601-8AEA-E8111B10ABC8}.RelWithDebInfo|x64.Build.0 = RelWithDebInfo|x64
		{4AB33777-63A2-3528-98C5-21B4AF0FDC4B}.Debug|x64.ActiveCfg = Debug|x64
		{4AB33777-63A2-3528-98C5-21B4AF0FDC4B}.Debug|x64.Build.0 = Debug|x64
		{4AB33777-63A2-3528-98C5-21B4AF0FDC4B}.Release|x64.ActiveCfg = Release|x64
		{4AB33777-63A2-3528-98C5-21B4AF0FDC4B}.Release|x64.Build.0 = Release|x64
		{4AB33777-63A2-3528-98C5-21B4AF0FDC4B}.MinSizeRel|x64.ActiveCfg = MinSizeRel|x64
		{4AB33777-63A2-3528-98C5-21B4AF0FDC4B}.MinSizeRel|x64.Build.0 = MinSizeRel|x64
		{4AB33777-63A2-3528-98C5-21B4AF0FDC4B}.RelWithDebInfo|x64.ActiveCfg = RelWithDebInfo|x64
		{4AB33777-63A2-3528-98C5-21B4AF0FDC4B}.RelWithDebInfo|x64.Build.0 = RelWithDebInfo|x64
		{2F068A88-D58C-3471-85FA-23F6D56A0D8C}.Debug|x64.ActiveCfg = Debug|x64
		{2F068A88-D58C-3471-85FA-23F6D56A0D8C}.Debug|x64.Build.0 = Debug|x64
		{2F068A88-D58C-3471-85FA-23F6D56A0D8C}.Release|x64.ActiveCfg = Release|x64
		{2F068A88-D58C-3471-85FA-23F6D56A0D8C}.Release|x64.Build.0 = Release|x64
		{2F068A88-D58C-3471-85FA-23F6D56A0D8C}.MinSizeRel|x64.ActiveCfg = MinSizeRel|x64
		{2F068A88-D58C-3471-85FA-23F6D56A0D8C}.MinSizeRel|x64.Build.0 = MinSizeRel|x64
		{2F068A88-D58C-3471-85FA-23F6D56A0D8C}.RelWithDebInfo|x64.ActiveCfg = RelWithDebInfo|x64
		{2F068A88-D58C-3471-85FA-23F6D56A0D8C}.RelWithDebInfo|x64.Build.0 = RelWithDebInfo|x64
		{FF35214B-7BA6-3851-BBC7-4B254A345F5D}.Debug|x64.ActiveCfg = Debug|x64
		{FF35214B-7BA6-3851-BBC7-4B254A345F5D}.Debug|x64.Build.0 = Debug|x64
		{FF35214B-7BA6-3851-BBC7-4B254A345F5D}.Release|x64.ActiveCfg = Release|x64
		{FF35214B-7BA6-3851-BBC7-4B254A345F5D}.Release|x64.Build.0 = Release|x64
		{FF35214B-7BA6-3851-BBC7-4B254A345F5D}.MinSizeRel|x64.ActiveCfg = MinSizeRel|x64
		{FF35214B-7BA6-3851-BBC7-4B254A345F5D}.MinSizeRel|x64.Build.0 = MinSizeRel|x64
		{FF35214B-7BA6-3851-BBC7-4B254A345F5D}.RelWithDebInfo|x64.ActiveCfg = RelWithDebInfo|x64
		{FF35214B-7BA6-3851-BBC7-4B254A345F5D}.RelWithDebInfo|x64.Build.0 = RelWithDebInfo|x64
		{1493A49C-339E-34B4-871F-C1D87EF94CED}.Debug|x64.ActiveCfg = Debug|x64
		{1493A49C-339E-34B4-871F-C1D87EF94CED}.Debug|x64.Build.0 = Debug|x64
		{1493A49C-339E-34B4-871F-C1D87EF94CED}.Release|x64.ActiveCfg = Release|x64
		{1493A49C-339E-34B4-871F-C1D87EF94CED}.Release|x64.Build.0 = Release|x64
		{1493A49C-339E-34B4-871F-C1D87EF94CED}.MinSizeRel|x64.ActiveCfg = MinSizeRel|x64
		{1493A49C-339E-34B4-871F-C1D87EF94CED}.MinSizeRel|x64.Build.0 = MinSizeRel|x64
		{1493A49C-339E-34B4-871F-C1D87EF94CED}.RelWithDebInfo|x64.ActiveCfg = RelWithDebInfo|x64
		{1493A49C-339E-34B4-871F-C1D87EF94CED}.RelWithDebInfo|x64.Build.0 = RelWithDebInfo|x64
		{F11DE931-04AB-3CB8-8146-90FB02EC6CFE}.Debug|x64.ActiveCfg = Debug|x64
		{F11DE931-04AB-3CB8-8146-90FB02EC6CFE}.Debug|x64.Build.0 = Debug|x64
		{F11DE931-04AB-3CB8-8146-90FB02EC6CFE}.Release|x64.ActiveCfg = Release|x64
		{F11DE931-04AB-3CB8-8146-90FB02EC6CFE}.Release|x64.Build.0 = Release|x64
		{F11DE931-04AB-3CB8-8146-90FB02EC6CFE}.MinSizeRel|x64.ActiveCfg = MinSizeRel|x64
		{F11DE931-04AB-3CB8-8146-90FB02EC6CFE}.MinSizeRel|x64.Build.0 = MinSizeRel|x64
		{F11DE931-04AB-3CB8-8146-90FB02EC6CFE}.RelWithDebInfo|x64.ActiveCfg = RelWithDebInfo|x64
		{F11DE931-04AB-3CB8-8146-90FB02EC6CFE}.RelWithDebInfo|x64.Build.0 = RelWithDebInfo|x64
		{73EEAD7F-9DD8-3AC6-A742-60E8ACB0DB93}.Debug|x64.ActiveCfg = Debug|x64
		{73EEAD7F-9DD8-3AC6-A742-60E8ACB0DB93}.Debug|x64.Build.0 = Debug|x64
		{73EEAD7F-9DD8-3AC6-A742-60E8ACB0DB93}.Release|x64.ActiveCfg = Release|x64
		{73EEAD7F-9DD8-3AC6-A742-60E8ACB0DB93}.Release|x64.Build.0 = Release|x64
		{73EEAD7F-9DD8-3AC6-A742-60E8ACB0DB93}.MinSizeRel|x64.ActiveCfg = MinSizeRel|x64
		{73EEAD7F-9DD8-3AC6-A742-60E8ACB0DB93}.MinSizeRel|x64.Build.0 = MinSizeRel|x64
		{73EEAD7F-9DD8-3AC6-A742-60E8ACB0DB93}.RelWithDebInfo|x64.ActiveCfg = RelWithDebInfo|x64
		{73EEAD7F-9DD8-3AC6-A742-60E8ACB0DB93}.RelWithDebInfo|x64.Build.0 = RelWithDebInfo|x64
		{A789322B-9EED-32B1-83B9-0EF2D5B9C407}.Debug|x64.ActiveCfg = Debug|x64
		{A789322B-9EED-32B1-83B9-0EF2D5B9C407}.Debug|x64.Build.0 = Debug|x64
		{A789322B-9EED-32B1-83B9-0EF2D5B9C407}.Release|x64.ActiveCfg = Release|x64
		{A789322B-9EED-32B1-83B9-0EF2D5B9C407}.Release|x64.Build.0 = Release|x64
		{A789322B-9EED-32B1-83B9-0EF2D5B9C407}.MinSizeRel|x64.ActiveCfg = MinSizeRel|x64
		{A789322B-9EED-32B1-83B9-0EF2D5B9C407}.MinSizeRel|x64.Build.0 = MinSizeRel|x64
		{A789322B-9EED-32B1-83B9-0EF2D5B9C407}.RelWithDebInfo|x64.ActiveCfg = RelWithDebInfo|x64
		{A789322B-9EED-32B1-83B9-0EF2D5B9C407}.RelWithDebInfo|x64.Build.0 = RelWithDebInfo|x64
		{6DE6F9CD-18B4-36A9-8549-8D3EAE92238D}.Debug|x64.ActiveCfg = Debug|x64
		{6DE6F9CD-18B4-36A9-8549-8D3EAE92238D}.Debug|x64.Build.0 = Debug|x64
		{6DE6F9CD-18B4-36A9-8549-8D3EAE92238D}.Release|x64.ActiveCfg = Release|x64
		{6DE6F9CD-18B4-36A9-8549-8D3EAE92238D}.Release|x64.Build.0 = Release|x64
		{6DE6F9CD-18B4-36A9-8549-8D3EAE92238D}.MinSizeRel|x64.ActiveCfg = MinSizeRel|x64
		{6DE6F9CD-18B4-36A9-8549-8D3EAE92238D}.MinSizeRel|x64.Build.0 = MinSizeRel|x64
		{6DE6F9CD-18B4-36A9-8549-8D3EAE92238D}.RelWithDebInfo|x64.ActiveCfg = RelWithDebInfo|x64
		{6DE6F9CD-18B4-36A9-8549-8D3EAE92238D}.RelWithDebInfo|x64.Build.0 = RelWithDebInfo|x64
		{6759BC4A-15C6-3D1B-A58E-D9A8C8760AF1}.Debug|x64.ActiveCfg = Debug|x64
		{6759BC4A-15C6-3D1B-A58E-D9A8C8760AF1}.Debug|x64.Build.0 = Debug|x64
		{6759BC4A-15C6-3D1B-A58E-D9A8C8760AF1}.Release|x64.ActiveCfg = Release|x64
		{6759BC4A-15C6-3D1B-A58E-D9A8C8760AF1}.Release|x64.Build.0 = Release|x64
		{6759BC4A-15C6-3D1B-A58E-D9A8C8760AF1}.MinSizeRel|x64.ActiveCfg = MinSizeRel|x64
		{6759BC4A-15C6-3D1B-A58E-D9A8C8760AF1}.MinSizeRel|x64.Build.0 = MinSizeRel|x64
		{6759BC4A-15C6-3D1B-A58E-D9A8C8760AF1}.RelWithDebInfo|x64.ActiveCfg = RelWithDebInfo|x64
		{6759BC4A-15C6-3D1B-A58E-D9A8C8760AF1}.RelWithDebInfo|x64.Build.0 = RelWithDebInfo|x64
		{7901D63D-23C8-3254-824E-990BD9E0B137}.Debug|x64.ActiveCfg = Debug|x64
		{7901D63D-23C8-3254-824E-990BD9E0B137}.Debug|x64.Build.0 = Debug|x64
		{7901D63D-23C8-3254-824E-990BD9E0B137}.Release|x64.ActiveCfg = Release|x64
		{7901D63D-23C8-3254-824E-990BD9E0B137}.Release|x64.Build.0 = Release|x64
		{7901D63D-23C8-3254-824E-990BD9E0B137}.MinSizeRel|x64.ActiveCfg = MinSizeRel|x64
		{7901D63D-23C8-3254-824E-990BD9E0B137}.MinSizeRel|x64.Build.0 = MinSizeRel|x64
		{7901D63D-23C8-3254-824E-990BD9E0B137}.RelWithDebInfo|x64.ActiveCfg = RelWithDebInfo|x64
		{7901D63D-23C8-3254-824E-990BD9E0B137}.RelWithDebInfo|x64.Build.0 = RelWithDebInfo|x64
		{0F2DC445-A3A5-34AD-93E5-378D05AFFF9E}.Debug|x64.ActiveCfg = Debug|x64
		{0F2DC445-A3A5-34AD-93E5-378D05AFFF9E}.Debug|x64.Build.0 = Debug|x64
		{0F2DC445-A3A5-34AD-93E5-378D05AFFF9E}.Release|x64.ActiveCfg = Release|x64
		{0F2DC445-A3A5-34AD-93E5-378D05AFFF9E}.Release|x64.Build.0 = Release|x64
		{0F2DC445-A3A5-34AD-93E5-378D05AFFF9E}.MinSizeRel|x64.ActiveCfg = MinSizeRel|x64
		{0F2DC445-A3A5-34AD-93E5-378D05AFFF9E}.MinSizeRel|x64.Build.0 = MinSizeRel|x64
		{0F2DC445-A3A5-34AD-93E5-378D05AFFF9E}.RelWithDebInfo|x64.ActiveCfg = RelWithDebInfo|x64
		{0F2DC445-A3A5-34AD-93E5-378D05AFFF9E}.RelWithDebInfo|x64.Build.0 = RelWithDebInfo|x64
		{F3E34CF5-08E9-3582-A77D-A95391685DB5}.Debug|x64.ActiveCfg = Debug|x64
		{F3E34CF5-08E9-3582-A77D-A95391685DB5}.Debug|x64.Build.0 = Debug|x64
		{F3E34CF5-08E9-3582-A77D-A95391685DB5}.Release|x64.ActiveCfg = Release|x64
		{F3E34CF5-08E9-3582-A77D-A95391685DB5}.Release|x64.Build.0 = Release|x64
		{F3E34CF5-08E9-3582-A77D-A95391685DB5}.MinSizeRel|x64.ActiveCfg = MinSizeRel|x64
		{F3E34CF5-08E9-3582-A77D-A95391685DB5}.MinSizeRel|x64.Build.0 = MinSizeRel|x64
		{F3E34CF5-08E9-3582-A77D-A95391685DB5}.RelWithDebInfo|x64.ActiveCfg = RelWithDebInfo|x64
		{F3E34CF5-08E9-3582-A77D-A95391685DB5}.RelWithDebInfo|x64.Build.0 = RelWithDebInfo|x64
		{3462E2C8-6B63-330A-9E64-F479E36BA188}.Debug|x64.ActiveCfg = Debug|x64
		{3462E2C8-6B63-330A-9E64-F479E36BA188}.Debug|x64.Build.0 = Debug|x64
		{3462E2C8-6B63-330A-9E64-F479E36BA188}.Release|x64.ActiveCfg = Release|x64
		{3462E2C8-6B63-330A-9E64-F479E36BA188}.Release|x64.Build.0 = Release|x64
		{3462E2C8-6B63-330A-9E64-F479E36BA188}.MinSizeRel|x64.ActiveCfg = MinSizeRel|x64
		{3462E2C8-6B63-330A-9E64-F479E36BA188}.MinSizeRel|x64.Build.0 = MinSizeRel|x64
		{3462E2C8-6B63-330A-9E64-F479E36BA188}.RelWithDebInfo|x64.ActiveCfg = RelWithDebInfo|x64
		{3462E2C8-6B63-330A-9E64-F479E36BA188}.RelWithDebInfo|x64.Build.0 = RelWithDebInfo|x64
		{22C790DC-49F9-366A-9E37-5E25D5CE7446}.Debug|x64.ActiveCfg = Debug|x64
		{22C790DC-49F9-366A-9E37-5E25D5CE7446}.Debug|x64.Build.0 = Debug|x64
		{22C790DC-49F9-366A-9E37-5E25D5CE7446}.Release|x64.ActiveCfg = Release|x64
		{22C790DC-49F9-366A-9E37-5E25D5CE7446}.Release|x64.Build.0 = Release|x64
		{22C790DC-49F9-366A-9E37-5E25D5CE7446}.MinSizeRel|x64.ActiveCfg = MinSizeRel|x64
		{22C790DC-49F9-366A-9E37-5E25D5CE7446}.MinSizeRel|x64.Build.0 = MinSizeRel|x64
		{22C790DC-49F9-366A-9E37-5E25D5CE7446}.RelWithDebInfo|x64.ActiveCfg = RelWithDebInfo|x64
		{22C790DC-49F9-366A-9E37-5E25D5CE7446}.RelWithDebInfo|x64.Build.0 = RelWithDebInfo|x64
		{490D0294-4CE5-36C5-BD73-B8E7449205E4}.Debug|x64.ActiveCfg = Debug|x64
		{490D0294-4CE5-36C5-BD73-B8E7449205E4}.Debug|x64.Build.0 = Debug|x64
		{490D0294-4CE5-36C5-BD73-B8E7449205E4}.Release|x64.ActiveCfg = Release|x64
		{490D0294-4CE5-36C5-BD73-B8E7449205E4}.Release|x64.Build.0 = Release|x64
		{490D0294-4CE5-36C5-BD73-B8E7449205E4}.MinSizeRel|x64.ActiveCfg = MinSizeRel|x64
		{490D0294-4CE5-36C5-BD73-B8E7449205E4}.MinSizeRel|x64.Build.0 = MinSizeRel|x64
		{490D0294-4CE5-36C5-BD73-B8E7449205E4}.RelWithDebInfo|x64.ActiveCfg = RelWithDebInfo|x64
		{490D0294-4CE5-36C5-BD73-B8E7449205E4}.RelWithDebInfo|x64.Build.0 = RelWithDebInfo|x64
		{8841D5B0-9166-3F02-B76D-9FAA843011E0}.Debug|x64.ActiveCfg = Debug|x64
		{8841D5B0-9166-3F02-B76D-9FAA843011E0}.Debug|x64.Build.0 = Debug|x64
		{8841D5B0-9166-3F02-B76D-9FAA843011E0}.Release|x64.ActiveCfg = Release|x64
		{8841D5B0-9166-3F02-B76D-9FAA843011E0}.Release|x64.Build.0 = Release|x64
		{8841D5B0-9166-3F02-B76D-9FAA843011E0}.MinSizeRel|x64.ActiveCfg = MinSizeRel|x64
		{8841D5B0-9166-3F02-B76D-9FAA843011E0}.MinSizeRel|x64.Build.0 = MinSizeRel|x64
		{8841D5B0-9166-3F02-B76D-9FAA843011E0}.RelWithDebInfo|x64.ActiveCfg = RelWithDebInfo|x64
		{8841D5B0-9166-3F02-B76D-9FAA843011E0}.RelWithDebInfo|x64.Build.0 = RelWithDebInfo|x64
		{85CD75DF-8F86-3A05-90A1-01890D7F6797}.Debug|x64.ActiveCfg = Debug|x64
		{85CD75DF-8F86-3A05-90A1-01890D7F6797}.Debug|x64.Build.0 = Debug|x64
		{85CD75DF-8F86-3A05-90A1-01890D7F6797}.Release|x64.ActiveCfg = Release|x64
		{85CD75DF-8F86-3A05-90A1-01890D7F6797}.Release|x64.Build.0 = Release|x64
		{85CD75DF-8F86-3A05-90A1-01890D7F6797}.MinSizeRel|x64.ActiveCfg = MinSizeRel|x64
		{85CD75DF-8F86-3A05-90A1-01890D7F6797}.MinSizeRel|x64.Build.0 = MinSizeRel|x64
		{85CD75DF-8F86-3A05-90A1-01890D7F6797}.RelWithDebInfo|x64.ActiveCfg = RelWithDebInfo|x64
		{85CD75DF-8F86-3A05-90A1-01890D7F6797}.RelWithDebInfo|x64.Build.0 = RelWithDebInfo|x64
		{61B6F9F9-5833-3F52-B6C5-8D7684900905}.Debug|x64.ActiveCfg = Debug|x64
		{61B6F9F9-5833-3F52-B6C5-8D7684900905}.Debug|x64.Build.0 = Debug|x64
		{61B6F9F9-5833-3F52-B6C5-8D7684900905}.Release|x64.ActiveCfg = Release|x64
		{61B6F9F9-5833-3F52-B6C5-8D7684900905}.Release|x64.Build.0 = Release|x64
		{61B6F9F9-5833-3F52-B6C5-8D7684900905}.MinSizeRel|x64.ActiveCfg = MinSizeRel|x64
		{61B6F9F9-5833-3F52-B6C5-8D7684900905}.MinSizeRel|x64.Build.0 = MinSizeRel|x64
		{61B6F9F9-5833-3F52-B6C5-8D7684900905}.RelWithDebInfo|x64.ActiveCfg = RelWithDebInfo|x64
		{61B6F9F9-5833-3F52-B6C5-8D7684900905}.RelWithDebInfo|x64.Build.0 = RelWithDebInfo|x64
		{814ACCF8-4EF4-3409-A679-05AC4349ED1C}.Debug|x64.ActiveCfg = Debug|x64
		{814ACCF8-4EF4-3409-A679-05AC4349ED1C}.Debug|x64.Build.0 = Debug|x64
		{814ACCF8-4EF4-3409-A679-05AC4349ED1C}.Release|x64.ActiveCfg = Release|x64
		{814ACCF8-4EF4-3409-A679-05AC4349ED1C}.Release|x64.Build.0 = Release|x64
		{814ACCF8-4EF4-3409-A679-05AC4349ED1C}.MinSizeRel|x64.ActiveCfg = MinSizeRel|x64
		{814ACCF8-4EF4-3409-A679-05AC4349ED1C}.MinSizeRel|x64.Build.0 = MinSizeRel|x64
		{814ACCF8-4EF4-3409-A679-05AC4349ED1C}.RelWithDebInfo|x64.ActiveCfg = RelWithDebInfo|x64
		{814ACCF8-4EF4-3409-A679-05AC4349ED1C}.RelWithDebInfo|x64.Build.0 = RelWithDebInfo|x64
		{5011171C-4470-3BA4-99BB-9EBDE4D6F7F8}.Debug|x64.ActiveCfg = Debug|x64
		{5011171C-4470-3BA4-99BB-9EBDE4D6F7F8}.Debug|x64.Build.0 = Debug|x64
		{5011171C-4470-3BA4-99BB-9EBDE4D6F7F8}.Release|x64.ActiveCfg = Release|x64
		{5011171C-4470-3BA4-99BB-9EBDE4D6F7F8}.Release|x64.Build.0 = Release|x64
		{5011171C-4470-3BA4-99BB-9EBDE4D6F7F8}.MinSizeRel|x64.ActiveCfg = MinSizeRel|x64
		{5011171C-4470-3BA4-99BB-9EBDE4D6F7F8}.MinSizeRel|x64.Build.0 = MinSizeRel|x64
		{5011171C-4470-3BA4-99BB-9EBDE4D6F7F8}.RelWithDebInfo|x64.ActiveCfg = RelWithDebInfo|x64
		{5011171C-4470-3BA4-99BB-9EBDE4D6F7F8}.RelWithDebInfo|x64.Build.0 = RelWithDebInfo|x64
		{3FEAD5C1-61D1-3AF4-BE9B-D4D1B4B3F1DE}.Debug|x64.ActiveCfg = Debug|x64
		{3FEAD5C1-61D1-3AF4-BE9B-D4D1B4B3F1DE}.Debug|x64.Build.0 = Debug|x64
		{3FEAD5C1-61D1-3AF4-BE9B-D4D1B4B3F1DE}.Release|x64.ActiveCfg = Release|x64
		{3FEAD5C1-61D1-3AF4-BE9B-D4D1B4B3F1DE}.Release|x64.Build.0 = Release|x64
		{3FEAD5C1-61D1-3AF4-BE9B-D4D1B4B3F1DE}.MinSizeRel|x64.ActiveCfg = MinSizeRel|x64
		{3FEAD5C1-61D1-3AF4-BE9B-D4D1B4B3F1DE}.MinSizeRel|x64.Build.0 = MinSizeRel|x64
		{3FEAD5C1-61D1-3AF4-BE9B-D4D1B4B3F1DE}.RelWithDebInfo|x64.ActiveCfg = RelWithDebInfo|x64
		{3FEAD5C1-61D1-3AF4-BE9B-D4D1B4B3F1DE}.RelWithDebInfo|x64.Build.0 = RelWithDebInfo|x64
		{C2F07096-A688-3687-A4CC-803AA98D9C32}.Debug|x64.ActiveCfg = Debug|x64
		{C2F07096-A688-3687-A4CC-803AA98D9C32}.Debug|x64.Build.0 = Debug|x64
		{C2F07096-A688-3687-A4CC-803AA98D9C32}.Release|x64.ActiveCfg = Release|x64
		{C2F07096-A688-3687-A4CC-803AA98D9C32}.Release|x64.Build.0 = Release|x64
		{C2F07096-A688-3687-A4CC-803AA98D9C32}.MinSizeRel|x64.ActiveCfg = MinSizeRel|x64
		{C2F07096-A688-3687-A4CC-803AA98D9C32}.MinSizeRel|x64.Build.0 = MinSizeRel|x64
		{C2F07096-A688-3687-A4CC-803AA98D9C32}.RelWithDebInfo|x64.ActiveCfg = RelWithDebInfo|x64
		{C2F07096-A688-3687-A4CC-803AA98D9C32}.RelWithDebInfo|x64.Build.0 = RelWithDebInfo|x64
		{B0E3404D-40F7-3154-AD69-689825F4641C}.Debug|x64.ActiveCfg = Debug|x64
		{B0E3404D-40F7-3154-AD69-689825F4641C}.Debug|x64.Build.0 = Debug|x64
		{B0E3404D-40F7-3154-AD69-689825F4641C}.Release|x64.ActiveCfg = Release|x64
		{B0E3404D-40F7-3154-AD69-689825F4641C}.Release|x64.Build.0 = Release|x64
		{B0E3404D-40F7-3154-AD69-689825F4641C}.MinSizeRel|x64.ActiveCfg = MinSizeRel|x64
		{B0E3404D-40F7-3154-AD69-689825F4641C}.MinSizeRel|x64.Build.0 = MinSizeRel|x64
		{B0E3404D-40F7-3154-AD69-689825F4641C}.RelWithDebInfo|x64.ActiveCfg = RelWithDebInfo|x64
		{B0E3404D-40F7-3154-AD69-689825F4641C}.RelWithDebInfo|x64.Build.0 = RelWithDebInfo|x64
		{3C8625A3-4EB1-32C5-A374-AB753CBD42F9}.Debug|x64.ActiveCfg = Debug|x64
		{3C8625A3-4EB1-32C5-A374-AB753CBD42F9}.Debug|x64.Build.0 = Debug|x64
		{3C8625A3-4EB1-32C5-A374-AB753CBD42F9}.Release|x64.ActiveCfg = Release|x64
		{3C8625A3-4EB1-32C5-A374-AB753CBD42F9}.Release|x64.Build.0 = Release|x64
		{3C8625A3-4EB1-32C5-A374-AB753CBD42F9}.MinSizeRel|x64.ActiveCfg = MinSizeRel|x64
		{3C8625A3-4EB1-32C5-A374-AB753CBD42F9}.MinSizeRel|x64.Build.0 = MinSizeRel|x64
		{3C8625A3-4EB1-32C5-A374-AB753CBD42F9}.RelWithDebInfo|x64.ActiveCfg = RelWithDebInfo|x64
		{3C8625A3-4EB1-32C5-A374-AB753CBD42F9}.RelWithDebInfo|x64.Build.0 = RelWithDebInfo|x64
		{723B0801-1F50-335A-9F76-4574F4DF00F7}.Debug|x64.ActiveCfg = Debug|x64
		{723B0801-1F50-335A-9F76-4574F4DF00F7}.Debug|x64.Build.0 = Debug|x64
		{723B0801-1F50-335A-9F76-4574F4DF00F7}.Release|x64.ActiveCfg = Release|x64
		{723B0801-1F50-335A-9F76-4574F4DF00F7}.Release|x64.Build.0 = Release|x64
		{723B0801-1F50-335A-9F76-4574F4DF00F7}.MinSizeRel|x64.ActiveCfg = MinSizeRel|x64
		{723B0801-1F50-335A-9F76-4574F4DF00F7}.MinSizeRel|x64.Build.0 = MinSizeRel|x64
		{723B0801-1F50-335A-9F76-4574F4DF00F7}.RelWithDebInfo|x64.ActiveCfg = RelWithDebInfo|x64
		{723B0801-1F50-335A-9F76-4574F4DF00F7}.RelWithDebInfo|x64.Build.0 = RelWithDebInfo|x64
		{7BD42E4A-C3C6-30FE-9D95-563053F59832}.Debug|x64.ActiveCfg = Debug|x64
		{7BD42E4A-C3C6-30FE-9D95-563053F59832}.Debug|x64.Build.0 = Debug|x64
		{7BD42E4A-C3C6-30FE-9D95-563053F59832}.Release|x64.ActiveCfg = Release|x64
		{7BD42E4A-C3C6-30FE-9D95-563053F59832}.Release|x64.Build.0 = Release|x64
		{7BD42E4A-C3C6-30FE-9D95-563053F59832}.MinSizeRel|x64.ActiveCfg = MinSizeRel|x64
		{7BD42E4A-C3C6-30FE-9D95-563053F59832}.MinSizeRel|x64.Build.0 = MinSizeRel|x64
		{7BD42E4A-C3C6-30FE-9D95-563053F59832}.RelWithDebInfo|x64.ActiveCfg = RelWithDebInfo|x64
		{7BD42E4A-C3C6-30FE-9D95-563053F59832}.RelWithDebInfo|x64.Build.0 = RelWithDebInfo|x64
		{8767FCB1-F954-3554-B5AD-820654AE65A1}.Debug|x64.ActiveCfg = Debug|x64
		{8767FCB1-F954-3554-B5AD-820654AE65A1}.Debug|x64.Build.0 = Debug|x64
		{8767FCB1-F954-3554-B5AD-820654AE65A1}.Release|x64.ActiveCfg = Release|x64
		{8767FCB1-F954-3554-B5AD-820654AE65A1}.Release|x64.Build.0 = Release|x64
		{8767FCB1-F954-3554-B5AD-820654AE65A1}.MinSizeRel|x64.ActiveCfg = MinSizeRel|x64
		{8767FCB1-F954-3554-B5AD-820654AE65A1}.MinSizeRel|x64.Build.0 = MinSizeRel|x64
		{8767FCB1-F954-3554-B5AD-820654AE65A1}.RelWithDebInfo|x64.ActiveCfg = RelWithDebInfo|x64
		{8767FCB1-F954-3554-B5AD-820654AE65A1}.RelWithDebInfo|x64.Build.0 = RelWithDebInfo|x64
		{D59EEA4E-1819-323D-A23A-1F0887449C19}.Debug|x64.ActiveCfg = Debug|x64
		{D59EEA4E-1819-323D-A23A-1F0887449C19}.Release|x64.ActiveCfg = Release|x64
		{D59EEA4E-1819-323D-A23A-1F0887449C19}.MinSizeRel|x64.ActiveCfg = MinSizeRel|x64
		{D59EEA4E-1819-323D-A23A-1F0887449C19}.RelWithDebInfo|x64.ActiveCfg = RelWithDebInfo|x64
		{B1CAFAA6-9DA3-3FBA-AD3D-C0CBE2C76BE5}.Debug|x64.ActiveCfg = Debug|x64
		{B1CAFAA6-9DA3-3FBA-AD3D-C0CBE2C76BE5}.Debug|x64.Build.0 = Debug|x64
		{B1CAFAA6-9DA3-3FBA-AD3D-C0CBE2C76BE5}.Release|x64.ActiveCfg = Release|x64
		{B1CAFAA6-9DA3-3FBA-AD3D-C0CBE2C76BE5}.Release|x64.Build.0 = Release|x64
		{B1CAFAA6-9DA3-3FBA-AD3D-C0CBE2C76BE5}.MinSizeRel|x64.ActiveCfg = MinSizeRel|x64
		{B1CAFAA6-9DA3-3FBA-AD3D-C0CBE2C76BE5}.MinSizeRel|x64.Build.0 = MinSizeRel|x64
		{B1CAFAA6-9DA3-3FBA-AD3D-C0CBE2C76BE5}.RelWithDebInfo|x64.ActiveCfg = RelWithDebInfo|x64
		{B1CAFAA6-9DA3-3FBA-AD3D-C0CBE2C76BE5}.RelWithDebInfo|x64.Build.0 = RelWithDebInfo|x64
		{7C58B346-DE9C-3404-977A-AB8182F81AB6}.Debug|x64.ActiveCfg = Debug|x64
		{7C58B346-DE9C-3404-977A-AB8182F81AB6}.Debug|x64.Build.0 = Debug|x64
		{7C58B346-DE9C-3404-977A-AB8182F81AB6}.Release|x64.ActiveCfg = Release|x64
		{7C58B346-DE9C-3404-977A-AB8182F81AB6}.Release|x64.Build.0 = Release|x64
		{7C58B346-DE9C-3404-977A-AB8182F81AB6}.MinSizeRel|x64.ActiveCfg = MinSizeRel|x64
		{7C58B346-DE9C-3404-977A-AB8182F81AB6}.MinSizeRel|x64.Build.0 = MinSizeRel|x64
		{7C58B346-DE9C-3404-977A-AB8182F81AB6}.RelWithDebInfo|x64.ActiveCfg = RelWithDebInfo|x64
		{7C58B346-DE9C-3404-977A-AB8182F81AB6}.RelWithDebInfo|x64.Build.0 = RelWithDebInfo|x64
	EndGlobalSection
	GlobalSection(ExtensibilityGlobals) = postSolution
		SolutionGuid = {8BD95415-0166-3538-9E33-B646AC48D4CA}
	EndGlobalSection
	GlobalSection(ExtensibilityAddIns) = postSolution
	EndGlobalSection
EndGlobal
